PODS:
  - lottie-ios (4.4.3)
  - Masonry (1.1.0)
  - OCHamcrest (8.0.0)
  - OCMock (3.8.1)
  - SnapKit (5.6.0)

DEPENDENCIES:
  - lottie-ios
  - Masonry
  - OCHamcrest (~> 8.0)
  - OCMock (~> 3.8.1)
  - SnapKit (~> 5.6.0)

SPEC REPOS:
  trunk:
    - lottie-ios
    - Masonry
    - OCHamcrest
    - OCMock
    - SnapKit

SPEC CHECKSUMS:
  lottie-ios: fcb5e73e17ba4c983140b7d21095c834b3087418
  Masonry: 678fab65091a9290e40e2832a55e7ab731aad201
  OCHamcrest: a613690381f1dac7637c18962c10dbe8feca4bb5
  OCMock: 29f6e52085b4e7d9b075cbf03ed7c3112f82f934
  SnapKit: e01d52ebb8ddbc333eefe2132acf85c8227d9c25

PODFILE CHECKSUM: 5e2237edaf055097e807b9cf84f93b35f1d0e96a

COCOAPODS: 1.15.2
