// !$*UTF8*$!
{
	archiveVersion = 1;
	classes = {
	};
	objectVersion = 50;
	objects = {

/* Begin PBXBuildFile section */
		FD04E6DA271AD33A00C7719E /* LandmarksApp.swift in Sources */ = {isa = PBXBuildFile; fileRef = FD04E6D9271AD33A00C7719E /* LandmarksApp.swift */; };
		FD04E6DC271AD33A00C7719E /* ContentView.swift in Sources */ = {isa = PBXBuildFile; fileRef = FD04E6DB271AD33A00C7719E /* ContentView.swift */; };
		FD04E6DE271AD33C00C7719E /* Assets.xcassets in Resources */ = {isa = PBXBuildFile; fileRef = FD04E6DD271AD33C00C7719E /* Assets.xcassets */; };
		FD04E6E1271AD33C00C7719E /* Preview Assets.xcassets in Resources */ = {isa = PBXBuildFile; fileRef = FD04E6E0271AD33C00C7719E /* Preview Assets.xcassets */; };
		FD04E6EC271AD33C00C7719E /* LandmarksTests.swift in Sources */ = {isa = PBXBuildFile; fileRef = FD04E6EB271AD33C00C7719E /* LandmarksTests.swift */; };
		FD04E6F7271AD33C00C7719E /* LandmarksUITests.swift in Sources */ = {isa = PBXBuildFile; fileRef = FD04E6F6271AD33C00C7719E /* LandmarksUITests.swift */; };
		FD04E705271C37D600C7719E /* CircleImage.swift in Sources */ = {isa = PBXBuildFile; fileRef = FD04E704271C37D600C7719E /* CircleImage.swift */; };
		FD04E707271C38AC00C7719E /* MapView.swift in Sources */ = {isa = PBXBuildFile; fileRef = FD04E706271C38AC00C7719E /* MapView.swift */; };
/* End PBXBuildFile section */

/* Begin PBXContainerItemProxy section */
		FD04E6E8271AD33C00C7719E /* PBXContainerItemProxy */ = {
			isa = PBXContainerItemProxy;
			containerPortal = FD04E6CE271AD33A00C7719E /* Project object */;
			proxyType = 1;
			remoteGlobalIDString = FD04E6D5271AD33A00C7719E;
			remoteInfo = Landmarks;
		};
		FD04E6F3271AD33C00C7719E /* PBXContainerItemProxy */ = {
			isa = PBXContainerItemProxy;
			containerPortal = FD04E6CE271AD33A00C7719E /* Project object */;
			proxyType = 1;
			remoteGlobalIDString = FD04E6D5271AD33A00C7719E;
			remoteInfo = Landmarks;
		};
/* End PBXContainerItemProxy section */

/* Begin PBXFileReference section */
		FD04E6D6271AD33A00C7719E /* Landmarks.app */ = {isa = PBXFileReference; explicitFileType = wrapper.application; includeInIndex = 0; path = Landmarks.app; sourceTree = BUILT_PRODUCTS_DIR; };
		FD04E6D9271AD33A00C7719E /* LandmarksApp.swift */ = {isa = PBXFileReference; lastKnownFileType = sourcecode.swift; path = LandmarksApp.swift; sourceTree = "<group>"; };
		FD04E6DB271AD33A00C7719E /* ContentView.swift */ = {isa = PBXFileReference; lastKnownFileType = sourcecode.swift; path = ContentView.swift; sourceTree = "<group>"; };
		FD04E6DD271AD33C00C7719E /* Assets.xcassets */ = {isa = PBXFileReference; lastKnownFileType = folder.assetcatalog; path = Assets.xcassets; sourceTree = "<group>"; };
		FD04E6E0271AD33C00C7719E /* Preview Assets.xcassets */ = {isa = PBXFileReference; lastKnownFileType = folder.assetcatalog; path = "Preview Assets.xcassets"; sourceTree = "<group>"; };
		FD04E6E2271AD33C00C7719E /* Info.plist */ = {isa = PBXFileReference; lastKnownFileType = text.plist.xml; path = Info.plist; sourceTree = "<group>"; };
		FD04E6E7271AD33C00C7719E /* LandmarksTests.xctest */ = {isa = PBXFileReference; explicitFileType = wrapper.cfbundle; includeInIndex = 0; path = LandmarksTests.xctest; sourceTree = BUILT_PRODUCTS_DIR; };
		FD04E6EB271AD33C00C7719E /* LandmarksTests.swift */ = {isa = PBXFileReference; lastKnownFileType = sourcecode.swift; path = LandmarksTests.swift; sourceTree = "<group>"; };
		FD04E6ED271AD33C00C7719E /* Info.plist */ = {isa = PBXFileReference; lastKnownFileType = text.plist.xml; path = Info.plist; sourceTree = "<group>"; };
		FD04E6F2271AD33C00C7719E /* LandmarksUITests.xctest */ = {isa = PBXFileReference; explicitFileType = wrapper.cfbundle; includeInIndex = 0; path = LandmarksUITests.xctest; sourceTree = BUILT_PRODUCTS_DIR; };
		FD04E6F6271AD33C00C7719E /* LandmarksUITests.swift */ = {isa = PBXFileReference; lastKnownFileType = sourcecode.swift; path = LandmarksUITests.swift; sourceTree = "<group>"; };
		FD04E6F8271AD33C00C7719E /* Info.plist */ = {isa = PBXFileReference; lastKnownFileType = text.plist.xml; path = Info.plist; sourceTree = "<group>"; };
		FD04E704271C37D600C7719E /* CircleImage.swift */ = {isa = PBXFileReference; lastKnownFileType = sourcecode.swift; path = CircleImage.swift; sourceTree = "<group>"; };
		FD04E706271C38AC00C7719E /* MapView.swift */ = {isa = PBXFileReference; lastKnownFileType = sourcecode.swift; path = MapView.swift; sourceTree = "<group>"; };
/* End PBXFileReference section */

/* Begin PBXFrameworksBuildPhase section */
		FD04E6D3271AD33A00C7719E /* Frameworks */ = {
			isa = PBXFrameworksBuildPhase;
			buildActionMask = 2147483647;
			files = (
			);
			runOnlyForDeploymentPostprocessing = 0;
		};
		FD04E6E4271AD33C00C7719E /* Frameworks */ = {
			isa = PBXFrameworksBuildPhase;
			buildActionMask = 2147483647;
			files = (
			);
			runOnlyForDeploymentPostprocessing = 0;
		};
		FD04E6EF271AD33C00C7719E /* Frameworks */ = {
			isa = PBXFrameworksBuildPhase;
			buildActionMask = 2147483647;
			files = (
			);
			runOnlyForDeploymentPostprocessing = 0;
		};
/* End PBXFrameworksBuildPhase section */

/* Begin PBXGroup section */
		FD04E6CD271AD33A00C7719E = {
			isa = PBXGroup;
			children = (
				FD04E6D8271AD33A00C7719E /* Landmarks */,
				FD04E6EA271AD33C00C7719E /* LandmarksTests */,
				FD04E6F5271AD33C00C7719E /* LandmarksUITests */,
				FD04E6D7271AD33A00C7719E /* Products */,
			);
			sourceTree = "<group>";
		};
		FD04E6D7271AD33A00C7719E /* Products */ = {
			isa = PBXGroup;
			children = (
				FD04E6D6271AD33A00C7719E /* Landmarks.app */,
				FD04E6E7271AD33C00C7719E /* LandmarksTests.xctest */,
				FD04E6F2271AD33C00C7719E /* LandmarksUITests.xctest */,
			);
			name = Products;
			sourceTree = "<group>";
		};
		FD04E6D8271AD33A00C7719E /* Landmarks */ = {
			isa = PBXGroup;
			children = (
				FD04E6D9271AD33A00C7719E /* LandmarksApp.swift */,
				FD04E6DB271AD33A00C7719E /* ContentView.swift */,
				FD04E704271C37D600C7719E /* CircleImage.swift */,
				FD04E706271C38AC00C7719E /* MapView.swift */,
				FD04E6DD271AD33C00C7719E /* Assets.xcassets */,
				FD04E6E2271AD33C00C7719E /* Info.plist */,
				FD04E6DF271AD33C00C7719E /* Preview Content */,
			);
			path = Landmarks;
			sourceTree = "<group>";
		};
		FD04E6DF271AD33C00C7719E /* Preview Content */ = {
			isa = PBXGroup;
			children = (
				FD04E6E0271AD33C00C7719E /* Preview Assets.xcassets */,
			);
			path = "Preview Content";
			sourceTree = "<group>";
		};
		FD04E6EA271AD33C00C7719E /* LandmarksTests */ = {
			isa = PBXGroup;
			children = (
				FD04E6EB271AD33C00C7719E /* LandmarksTests.swift */,
				FD04E6ED271AD33C00C7719E /* Info.plist */,
			);
			path = LandmarksTests;
			sourceTree = "<group>";
		};
		FD04E6F5271AD33C00C7719E /* LandmarksUITests */ = {
			isa = PBXGroup;
			children = (
				FD04E6F6271AD33C00C7719E /* LandmarksUITests.swift */,
				FD04E6F8271AD33C00C7719E /* Info.plist */,
			);
			path = LandmarksUITests;
			sourceTree = "<group>";
		};
/* End PBXGroup section */

/* Begin PBXNativeTarget section */
		FD04E6D5271AD33A00C7719E /* Landmarks */ = {
			isa = PBXNativeTarget;
			buildConfigurationList = FD04E6FB271AD33C00C7719E /* Build configuration list for PBXNativeTarget "Landmarks" */;
			buildPhases = (
				FD04E6D2271AD33A00C7719E /* Sources */,
				FD04E6D3271AD33A00C7719E /* Frameworks */,
				FD04E6D4271AD33A00C7719E /* Resources */,
			);
			buildRules = (
			);
			dependencies = (
			);
			name = Landmarks;
			productName = Landmarks;
			productReference = FD04E6D6271AD33A00C7719E /* Landmarks.app */;
			productType = "com.apple.product-type.application";
		};
		FD04E6E6271AD33C00C7719E /* LandmarksTests */ = {
			isa = PBXNativeTarget;
			buildConfigurationList = FD04E6FE271AD33C00C7719E /* Build configuration list for PBXNativeTarget "LandmarksTests" */;
			buildPhases = (
				FD04E6E3271AD33C00C7719E /* Sources */,
				FD04E6E4271AD33C00C7719E /* Frameworks */,
				FD04E6E5271AD33C00C7719E /* Resources */,
			);
			buildRules = (
			);
			dependencies = (
				FD04E6E9271AD33C00C7719E /* PBXTargetDependency */,
			);
			name = LandmarksTests;
			productName = LandmarksTests;
			productReference = FD04E6E7271AD33C00C7719E /* LandmarksTests.xctest */;
			productType = "com.apple.product-type.bundle.unit-test";
		};
		FD04E6F1271AD33C00C7719E /* LandmarksUITests */ = {
			isa = PBXNativeTarget;
			buildConfigurationList = FD04E701271AD33C00C7719E /* Build configuration list for PBXNativeTarget "LandmarksUITests" */;
			buildPhases = (
				FD04E6EE271AD33C00C7719E /* Sources */,
				FD04E6EF271AD33C00C7719E /* Frameworks */,
				FD04E6F0271AD33C00C7719E /* Resources */,
			);
			buildRules = (
			);
			dependencies = (
				FD04E6F4271AD33C00C7719E /* PBXTargetDependency */,
			);
			name = LandmarksUITests;
			productName = LandmarksUITests;
			productReference = FD04E6F2271AD33C00C7719E /* LandmarksUITests.xctest */;
			productType = "com.apple.product-type.bundle.ui-testing";
		};
/* End PBXNativeTarget section */

/* Begin PBXProject section */
		FD04E6CE271AD33A00C7719E /* Project object */ = {
			isa = PBXProject;
			attributes = {
				LastSwiftUpdateCheck = 1250;
				LastUpgradeCheck = 1250;
				TargetAttributes = {
					FD04E6D5271AD33A00C7719E = {
						CreatedOnToolsVersion = 12.5;
					};
					FD04E6E6271AD33C00C7719E = {
						CreatedOnToolsVersion = 12.5;
						TestTargetID = FD04E6D5271AD33A00C7719E;
					};
					FD04E6F1271AD33C00C7719E = {
						CreatedOnToolsVersion = 12.5;
						TestTargetID = FD04E6D5271AD33A00C7719E;
					};
				};
			};
			buildConfigurationList = FD04E6D1271AD33A00C7719E /* Build configuration list for PBXProject "Landmarks" */;
			compatibilityVersion = "Xcode 9.3";
			developmentRegion = en;
			hasScannedForEncodings = 0;
			knownRegions = (
				en,
				Base,
			);
			mainGroup = FD04E6CD271AD33A00C7719E;
			productRefGroup = FD04E6D7271AD33A00C7719E /* Products */;
			projectDirPath = "";
			projectRoot = "";
			targets = (
				FD04E6D5271AD33A00C7719E /* Landmarks */,
				FD04E6E6271AD33C00C7719E /* LandmarksTests */,
				FD04E6F1271AD33C00C7719E /* LandmarksUITests */,
			);
		};
/* End PBXProject section */

/* Begin PBXResourcesBuildPhase section */
		FD04E6D4271AD33A00C7719E /* Resources */ = {
			isa = PBXResourcesBuildPhase;
			buildActionMask = 2147483647;
			files = (
				FD04E6E1271AD33C00C7719E /* Preview Assets.xcassets in Resources */,
				FD04E6DE271AD33C00C7719E /* Assets.xcassets in Resources */,
			);
			runOnlyForDeploymentPostprocessing = 0;
		};
		FD04E6E5271AD33C00C7719E /* Resources */ = {
			isa = PBXResourcesBuildPhase;
			buildActionMask = 2147483647;
			files = (
			);
			runOnlyForDeploymentPostprocessing = 0;
		};
		FD04E6F0271AD33C00C7719E /* Resources */ = {
			isa = PBXResourcesBuildPhase;
			buildActionMask = 2147483647;
			files = (
			);
			runOnlyForDeploymentPostprocessing = 0;
		};
/* End PBXResourcesBuildPhase section */

/* Begin PBXSourcesBuildPhase section */
		FD04E6D2271AD33A00C7719E /* Sources */ = {
			isa = PBXSourcesBuildPhase;
			buildActionMask = 2147483647;
			files = (
				FD04E6DC271AD33A00C7719E /* ContentView.swift in Sources */,
				FD04E707271C38AC00C7719E /* MapView.swift in Sources */,
				FD04E6DA271AD33A00C7719E /* LandmarksApp.swift in Sources */,
				FD04E705271C37D600C7719E /* CircleImage.swift in Sources */,
			);
			runOnlyForDeploymentPostprocessing = 0;
		};
		FD04E6E3271AD33C00C7719E /* Sources */ = {
			isa = PBXSourcesBuildPhase;
			buildActionMask = 2147483647;
			files = (
				FD04E6EC271AD33C00C7719E /* LandmarksTests.swift in Sources */,
			);
			runOnlyForDeploymentPostprocessing = 0;
		};
		FD04E6EE271AD33C00C7719E /* Sources */ = {
			isa = PBXSourcesBuildPhase;
			buildActionMask = 2147483647;
			files = (
				FD04E6F7271AD33C00C7719E /* LandmarksUITests.swift in Sources */,
			);
			runOnlyForDeploymentPostprocessing = 0;
		};
/* End PBXSourcesBuildPhase section */

/* Begin PBXTargetDependency section */
		FD04E6E9271AD33C00C7719E /* PBXTargetDependency */ = {
			isa = PBXTargetDependency;
			target = FD04E6D5271AD33A00C7719E /* Landmarks */;
			targetProxy = FD04E6E8271AD33C00C7719E /* PBXContainerItemProxy */;
		};
		FD04E6F4271AD33C00C7719E /* PBXTargetDependency */ = {
			isa = PBXTargetDependency;
			target = FD04E6D5271AD33A00C7719E /* Landmarks */;
			targetProxy = FD04E6F3271AD33C00C7719E /* PBXContainerItemProxy */;
		};
/* End PBXTargetDependency section */

/* Begin XCBuildConfiguration section */
		FD04E6F9271AD33C00C7719E /* Debug */ = {
			isa = XCBuildConfiguration;
			buildSettings = {
				ALWAYS_SEARCH_USER_PATHS = NO;
				CLANG_ANALYZER_NONNULL = YES;
				CLANG_ANALYZER_NUMBER_OBJECT_CONVERSION = YES_AGGRESSIVE;
				CLANG_CXX_LANGUAGE_STANDARD = "gnu++14";
				CLANG_CXX_LIBRARY = "libc++";
				CLANG_ENABLE_MODULES = YES;
				CLANG_ENABLE_OBJC_ARC = YES;
				CLANG_ENABLE_OBJC_WEAK = YES;
				CLANG_WARN_BLOCK_CAPTURE_AUTORELEASING = YES;
				CLANG_WARN_BOOL_CONVERSION = YES;
				CLANG_WARN_COMMA = YES;
				CLANG_WARN_CONSTANT_CONVERSION = YES;
				CLANG_WARN_DEPRECATED_OBJC_IMPLEMENTATIONS = YES;
				CLANG_WARN_DIRECT_OBJC_ISA_USAGE = YES_ERROR;
				CLANG_WARN_DOCUMENTATION_COMMENTS = YES;
				CLANG_WARN_EMPTY_BODY = YES;
				CLANG_WARN_ENUM_CONVERSION = YES;
				CLANG_WARN_INFINITE_RECURSION = YES;
				CLANG_WARN_INT_CONVERSION = YES;
				CLANG_WARN_NON_LITERAL_NULL_CONVERSION = YES;
				CLANG_WARN_OBJC_IMPLICIT_RETAIN_SELF = YES;
				CLANG_WARN_OBJC_LITERAL_CONVERSION = YES;
				CLANG_WARN_OBJC_ROOT_CLASS = YES_ERROR;
				CLANG_WARN_QUOTED_INCLUDE_IN_FRAMEWORK_HEADER = YES;
				CLANG_WARN_RANGE_LOOP_ANALYSIS = YES;
				CLANG_WARN_STRICT_PROTOTYPES = YES;
				CLANG_WARN_SUSPICIOUS_MOVE = YES;
				CLANG_WARN_UNGUARDED_AVAILABILITY = YES_AGGRESSIVE;
				CLANG_WARN_UNREACHABLE_CODE = YES;
				CLANG_WARN__DUPLICATE_METHOD_MATCH = YES;
				COPY_PHASE_STRIP = NO;
				DEBUG_INFORMATION_FORMAT = dwarf;
				ENABLE_STRICT_OBJC_MSGSEND = YES;
				ENABLE_TESTABILITY = YES;
				GCC_C_LANGUAGE_STANDARD = gnu11;
				GCC_DYNAMIC_NO_PIC = NO;
				GCC_NO_COMMON_BLOCKS = YES;
				GCC_OPTIMIZATION_LEVEL = 0;
				GCC_PREPROCESSOR_DEFINITIONS = (
					"DEBUG=1",
					"$(inherited)",
				);
				GCC_WARN_64_TO_32_BIT_CONVERSION = YES;
				GCC_WARN_ABOUT_RETURN_TYPE = YES_ERROR;
				GCC_WARN_UNDECLARED_SELECTOR = YES;
				GCC_WARN_UNINITIALIZED_AUTOS = YES_AGGRESSIVE;
				GCC_WARN_UNUSED_FUNCTION = YES;
				GCC_WARN_UNUSED_VARIABLE = YES;
				IPHONEOS_DEPLOYMENT_TARGET = 14.5;
				MTL_ENABLE_DEBUG_INFO = INCLUDE_SOURCE;
				MTL_FAST_MATH = YES;
				ONLY_ACTIVE_ARCH = YES;
				SDKROOT = iphoneos;
				SWIFT_ACTIVE_COMPILATION_CONDITIONS = DEBUG;
				SWIFT_OPTIMIZATION_LEVEL = "-Onone";
			};
			name = Debug;
		};
		FD04E6FA271AD33C00C7719E /* Release */ = {
			isa = XCBuildConfiguration;
			buildSettings = {
				ALWAYS_SEARCH_USER_PATHS = NO;
				CLANG_ANALYZER_NONNULL = YES;
				CLANG_ANALYZER_NUMBER_OBJECT_CONVERSION = YES_AGGRESSIVE;
				CLANG_CXX_LANGUAGE_STANDARD = "gnu++14";
				CLANG_CXX_LIBRARY = "libc++";
				CLANG_ENABLE_MODULES = YES;
				CLANG_ENABLE_OBJC_ARC = YES;
				CLANG_ENABLE_OBJC_WEAK = YES;
				CLANG_WARN_BLOCK_CAPTURE_AUTORELEASING = YES;
				CLANG_WARN_BOOL_CONVERSION = YES;
				CLANG_WARN_COMMA = YES;
				CLANG_WARN_CONSTANT_CONVERSION = YES;
				CLANG_WARN_DEPRECATED_OBJC_IMPLEMENTATIONS = YES;
				CLANG_WARN_DIRECT_OBJC_ISA_USAGE = YES_ERROR;
				CLANG_WARN_DOCUMENTATION_COMMENTS = YES;
				CLANG_WARN_EMPTY_BODY = YES;
				CLANG_WARN_ENUM_CONVERSION = YES;
				CLANG_WARN_INFINITE_RECURSION = YES;
				CLANG_WARN_INT_CONVERSION = YES;
				CLANG_WARN_NON_LITERAL_NULL_CONVERSION = YES;
				CLANG_WARN_OBJC_IMPLICIT_RETAIN_SELF = YES;
				CLANG_WARN_OBJC_LITERAL_CONVERSION = YES;
				CLANG_WARN_OBJC_ROOT_CLASS = YES_ERROR;
				CLANG_WARN_QUOTED_INCLUDE_IN_FRAMEWORK_HEADER = YES;
				CLANG_WARN_RANGE_LOOP_ANALYSIS = YES;
				CLANG_WARN_STRICT_PROTOTYPES = YES;
				CLANG_WARN_SUSPICIOUS_MOVE = YES;
				CLANG_WARN_UNGUARDED_AVAILABILITY = YES_AGGRESSIVE;
				CLANG_WARN_UNREACHABLE_CODE = YES;
				CLANG_WARN__DUPLICATE_METHOD_MATCH = YES;
				COPY_PHASE_STRIP = NO;
				DEBUG_INFORMATION_FORMAT = "dwarf-with-dsym";
				ENABLE_NS_ASSERTIONS = NO;
				ENABLE_STRICT_OBJC_MSGSEND = YES;
				GCC_C_LANGUAGE_STANDARD = gnu11;
				GCC_NO_COMMON_BLOCKS = YES;
				GCC_WARN_64_TO_32_BIT_CONVERSION = YES;
				GCC_WARN_ABOUT_RETURN_TYPE = YES_ERROR;
				GCC_WARN_UNDECLARED_SELECTOR = YES;
				GCC_WARN_UNINITIALIZED_AUTOS = YES_AGGRESSIVE;
				GCC_WARN_UNUSED_FUNCTION = YES;
				GCC_WARN_UNUSED_VARIABLE = YES;
				IPHONEOS_DEPLOYMENT_TARGET = 14.5;
				MTL_ENABLE_DEBUG_INFO = NO;
				MTL_FAST_MATH = YES;
				SDKROOT = iphoneos;
				SWIFT_COMPILATION_MODE = wholemodule;
				SWIFT_OPTIMIZATION_LEVEL = "-O";
				VALIDATE_PRODUCT = YES;
			};
			name = Release;
		};
		FD04E6FC271AD33C00C7719E /* Debug */ = {
			isa = XCBuildConfiguration;
			buildSettings = {
				ASSETCATALOG_COMPILER_APPICON_NAME = AppIcon;
				ASSETCATALOG_COMPILER_GLOBAL_ACCENT_COLOR_NAME = AccentColor;
				CODE_SIGN_STYLE = Automatic;
				DEVELOPMENT_ASSET_PATHS = "\"Landmarks/Preview Content\"";
				DEVELOPMENT_TEAM = U955R2H5Y2;
				ENABLE_PREVIEWS = YES;
				INFOPLIST_FILE = Landmarks/Info.plist;
				IPHONEOS_DEPLOYMENT_TARGET = 14.0;
				LD_RUNPATH_SEARCH_PATHS = (
					"$(inherited)",
					"@executable_path/Frameworks",
				);
				PRODUCT_BUNDLE_IDENTIFIER = MikiMo.Landmarks;
				PRODUCT_NAME = "$(TARGET_NAME)";
				SWIFT_VERSION = 5.0;
				TARGETED_DEVICE_FAMILY = "1,2";
			};
			name = Debug;
		};
		FD04E6FD271AD33C00C7719E /* Release */ = {
			isa = XCBuildConfiguration;
			buildSettings = {
				ASSETCATALOG_COMPILER_APPICON_NAME = AppIcon;
				ASSETCATALOG_COMPILER_GLOBAL_ACCENT_COLOR_NAME = AccentColor;
				CODE_SIGN_STYLE = Automatic;
				DEVELOPMENT_ASSET_PATHS = "\"Landmarks/Preview Content\"";
				DEVELOPMENT_TEAM = U955R2H5Y2;
				ENABLE_PREVIEWS = YES;
				INFOPLIST_FILE = Landmarks/Info.plist;
				IPHONEOS_DEPLOYMENT_TARGET = 14.0;
				LD_RUNPATH_SEARCH_PATHS = (
					"$(inherited)",
					"@executable_path/Frameworks",
				);
				PRODUCT_BUNDLE_IDENTIFIER = MikiMo.Landmarks;
				PRODUCT_NAME = "$(TARGET_NAME)";
				SWIFT_VERSION = 5.0;
				TARGETED_DEVICE_FAMILY = "1,2";
			};
			name = Release;
		};
		FD04E6FF271AD33C00C7719E /* Debug */ = {
			isa = XCBuildConfiguration;
			buildSettings = {
				ALWAYS_EMBED_SWIFT_STANDARD_LIBRARIES = YES;
				BUNDLE_LOADER = "$(TEST_HOST)";
				CODE_SIGN_STYLE = Automatic;
				DEVELOPMENT_TEAM = U955R2H5Y2;
				INFOPLIST_FILE = LandmarksTests/Info.plist;
				IPHONEOS_DEPLOYMENT_TARGET = 14.0;
				LD_RUNPATH_SEARCH_PATHS = (
					"$(inherited)",
					"@executable_path/Frameworks",
					"@loader_path/Frameworks",
				);
				PRODUCT_BUNDLE_IDENTIFIER = MikiMo.LandmarksTests;
				PRODUCT_NAME = "$(TARGET_NAME)";
				SWIFT_VERSION = 5.0;
				TARGETED_DEVICE_FAMILY = "1,2";
				TEST_HOST = "$(BUILT_PRODUCTS_DIR)/Landmarks.app/Landmarks";
			};
			name = Debug;
		};
		FD04E700271AD33C00C7719E /* Release */ = {
			isa = XCBuildConfiguration;
			buildSettings = {
				ALWAYS_EMBED_SWIFT_STANDARD_LIBRARIES = YES;
				BUNDLE_LOADER = "$(TEST_HOST)";
				CODE_SIGN_STYLE = Automatic;
				DEVELOPMENT_TEAM = U955R2H5Y2;
				INFOPLIST_FILE = LandmarksTests/Info.plist;
				IPHONEOS_DEPLOYMENT_TARGET = 14.0;
				LD_RUNPATH_SEARCH_PATHS = (
					"$(inherited)",
					"@executable_path/Frameworks",
					"@loader_path/Frameworks",
				);
				PRODUCT_BUNDLE_IDENTIFIER = MikiMo.LandmarksTests;
				PRODUCT_NAME = "$(TARGET_NAME)";
				SWIFT_VERSION = 5.0;
				TARGETED_DEVICE_FAMILY = "1,2";
				TEST_HOST = "$(BUILT_PRODUCTS_DIR)/Landmarks.app/Landmarks";
			};
			name = Release;
		};
		FD04E702271AD33C00C7719E /* Debug */ = {
			isa = XCBuildConfiguration;
			buildSettings = {
				ALWAYS_EMBED_SWIFT_STANDARD_LIBRARIES = YES;
				CODE_SIGN_STYLE = Automatic;
				DEVELOPMENT_TEAM = U955R2H5Y2;
				INFOPLIST_FILE = LandmarksUITests/Info.plist;
				LD_RUNPATH_SEARCH_PATHS = (
					"$(inherited)",
					"@executable_path/Frameworks",
					"@loader_path/Frameworks",
				);
				PRODUCT_BUNDLE_IDENTIFIER = MikiMo.LandmarksUITests;
				PRODUCT_NAME = "$(TARGET_NAME)";
				SWIFT_VERSION = 5.0;
				TARGETED_DEVICE_FAMILY = "1,2";
				TEST_TARGET_NAME = Landmarks;
			};
			name = Debug;
		};
		FD04E703271AD33C00C7719E /* Release */ = {
			isa = XCBuildConfiguration;
			buildSettings = {
				ALWAYS_EMBED_SWIFT_STANDARD_LIBRARIES = YES;
				CODE_SIGN_STYLE = Automatic;
				DEVELOPMENT_TEAM = U955R2H5Y2;
				INFOPLIST_FILE = LandmarksUITests/Info.plist;
				LD_RUNPATH_SEARCH_PATHS = (
					"$(inherited)",
					"@executable_path/Frameworks",
					"@loader_path/Frameworks",
				);
				PRODUCT_BUNDLE_IDENTIFIER = MikiMo.LandmarksUITests;
				PRODUCT_NAME = "$(TARGET_NAME)";
				SWIFT_VERSION = 5.0;
				TARGETED_DEVICE_FAMILY = "1,2";
				TEST_TARGET_NAME = Landmarks;
			};
			name = Release;
		};
/* End XCBuildConfiguration section */

/* Begin XCConfigurationList section */
		FD04E6D1271AD33A00C7719E /* Build configuration list for PBXProject "Landmarks" */ = {
			isa = XCConfigurationList;
			buildConfigurations = (
				FD04E6F9271AD33C00C7719E /* Debug */,
				FD04E6FA271AD33C00C7719E /* Release */,
			);
			defaultConfigurationIsVisible = 0;
			defaultConfigurationName = Release;
		};
		FD04E6FB271AD33C00C7719E /* Build configuration list for PBXNativeTarget "Landmarks" */ = {
			isa = XCConfigurationList;
			buildConfigurations = (
				FD04E6FC271AD33C00C7719E /* Debug */,
				FD04E6FD271AD33C00C7719E /* Release */,
			);
			defaultConfigurationIsVisible = 0;
			defaultConfigurationName = Release;
		};
		FD04E6FE271AD33C00C7719E /* Build configuration list for PBXNativeTarget "LandmarksTests" */ = {
			isa = XCConfigurationList;
			buildConfigurations = (
				FD04E6FF271AD33C00C7719E /* Debug */,
				FD04E700271AD33C00C7719E /* Release */,
			);
			defaultConfigurationIsVisible = 0;
			defaultConfigurationName = Release;
		};
		FD04E701271AD33C00C7719E /* Build configuration list for PBXNativeTarget "LandmarksUITests" */ = {
			isa = XCConfigurationList;
			buildConfigurations = (
				FD04E702271AD33C00C7719E /* Debug */,
				FD04E703271AD33C00C7719E /* Release */,
			);
			defaultConfigurationIsVisible = 0;
			defaultConfigurationName = Release;
		};
/* End XCConfigurationList section */
	};
	rootObject = FD04E6CE271AD33A00C7719E /* Project object */;
}
