PODS:
  - Masonry (1.1.0)
  - OCHamcrest (8.0.0)
  - OCMock (3.8.1)

DEPENDENCIES:
  - Masonry
  - OCHamcrest (~> 8.0)
  - OCMock (~> 3.8.1)

SPEC REPOS:
  trunk:
    - Masonry
    - OCHamcrest
    - OCMock

SPEC CHECKSUMS:
  Masonry: 678fab65091a9290e40e2832a55e7ab731aad201
  OCHamcrest: a613690381f1dac7637c18962c10dbe8feca4bb5
  OCMock: 29f6e52085b4e7d9b075cbf03ed7c3112f82f934

PODFILE CHECKSUM: 378c823f112137dcc0389c74f88ee0331c95f4f9

COCOAPODS: 1.10.1
