// !$*UTF8*$!
{
	archiveVersion = 1;
	classes = {
	};
	objectVersion = 51;
	objects = {

/* Begin PBXBuildFile section */
		21B2464FE01D04F18D0D7CE6 /* Pods_MODemoOC.framework in Frameworks */ = {isa = PBXBuildFile; fileRef = 2AEF1E8B6EC438A1150D4913 /* Pods_MODemoOC.framework */; };
		57523A46773BCDB72C09B486 /* Pods_MODemoOC_MODemoOCUITests.framework in Frameworks */ = {isa = PBXBuildFile; fileRef = C6521AB37E56E743F9BC025E /* Pods_MODemoOC_MODemoOCUITests.framework */; };
		D940C56C514C42019EC04252 /* Pods_MODemoOCTests.framework in Frameworks */ = {isa = PBXBuildFile; fileRef = 44BE74AA1D01FCF9B491BE2E /* Pods_MODemoOCTests.framework */; };
		FD335D05272E793F00521DBC /* MOFollowLightView.m in Sources */ = {isa = PBXBuildFile; fileRef = FD335D04272E793F00521DBC /* MOFollowLightView.m */; };
		FDB19AC226B3DD93009C49ED /* AppDelegate.m in Sources */ = {isa = PBXBuildFile; fileRef = FDB19AC126B3DD93009C49ED /* AppDelegate.m */; };
		FDB19AC526B3DD93009C49ED /* SceneDelegate.m in Sources */ = {isa = PBXBuildFile; fileRef = FDB19AC426B3DD93009C49ED /* SceneDelegate.m */; };
		FDB19AC826B3DD93009C49ED /* ViewController.m in Sources */ = {isa = PBXBuildFile; fileRef = FDB19AC726B3DD93009C49ED /* ViewController.m */; };
		FDB19ACB26B3DD93009C49ED /* Main.storyboard in Resources */ = {isa = PBXBuildFile; fileRef = FDB19AC926B3DD93009C49ED /* Main.storyboard */; };
		FDB19ACD26B3DD94009C49ED /* Assets.xcassets in Resources */ = {isa = PBXBuildFile; fileRef = FDB19ACC26B3DD94009C49ED /* Assets.xcassets */; };
		FDB19AD026B3DD94009C49ED /* LaunchScreen.storyboard in Resources */ = {isa = PBXBuildFile; fileRef = FDB19ACE26B3DD94009C49ED /* LaunchScreen.storyboard */; };
		FDB19AD326B3DD94009C49ED /* main.m in Sources */ = {isa = PBXBuildFile; fileRef = FDB19AD226B3DD94009C49ED /* main.m */; };
		FDB19ADD26B3DD94009C49ED /* MODemoOCTests.m in Sources */ = {isa = PBXBuildFile; fileRef = FDB19ADC26B3DD94009C49ED /* MODemoOCTests.m */; };
		FDB19AE826B3DD94009C49ED /* MODemoOCUITests.m in Sources */ = {isa = PBXBuildFile; fileRef = FDB19AE726B3DD94009C49ED /* MODemoOCUITests.m */; };
		FDB19B8226B3E234009C49ED /* YYWeakProxy.m in Sources */ = {isa = PBXBuildFile; fileRef = FDB19AF726B3E232009C49ED /* YYWeakProxy.m */; };
		FDB19B8326B3E234009C49ED /* NSTimer+MOBlock.m in Sources */ = {isa = PBXBuildFile; fileRef = FDB19AFB26B3E232009C49ED /* NSTimer+MOBlock.m */; };
		FDB19B8426B3E234009C49ED /* MOTimerViewController.m in Sources */ = {isa = PBXBuildFile; fileRef = FDB19AFC26B3E232009C49ED /* MOTimerViewController.m */; };
		FDB19B8526B3E234009C49ED /* MOProxy.m in Sources */ = {isa = PBXBuildFile; fileRef = FDB19AFD26B3E232009C49ED /* MOProxy.m */; };
		FDB19B8626B3E234009C49ED /* GCWebviewJSBridge.m in Sources */ = {isa = PBXBuildFile; fileRef = FDB19B0126B3E232009C49ED /* GCWebviewJSBridge.m */; };
		FDB19B8726B3E234009C49ED /* GCWebviewJSBridge_JS.m in Sources */ = {isa = PBXBuildFile; fileRef = FDB19B0326B3E232009C49ED /* GCWebviewJSBridge_JS.m */; };
		FDB19B8826B3E234009C49ED /* GCWebviewJSBridgeBase.m in Sources */ = {isa = PBXBuildFile; fileRef = FDB19B0426B3E232009C49ED /* GCWebviewJSBridgeBase.m */; };
		FDB19B8926B3E234009C49ED /* index.html in Resources */ = {isa = PBXBuildFile; fileRef = FDB19B0626B3E232009C49ED /* index.html */; };
		FDB19B8A26B3E234009C49ED /* MOWebViewJSBridgeViewController.m in Sources */ = {isa = PBXBuildFile; fileRef = FDB19B0726B3E232009C49ED /* MOWebViewJSBridgeViewController.m */; };
		FDB19B8B26B3E234009C49ED /* MOImageButtonViewController.m in Sources */ = {isa = PBXBuildFile; fileRef = FDB19B0B26B3E233009C49ED /* MOImageButtonViewController.m */; };
		FDB19B8C26B3E234009C49ED /* MODrawerViewController.m in Sources */ = {isa = PBXBuildFile; fileRef = FDB19B0D26B3E233009C49ED /* MODrawerViewController.m */; };
		FDB19B8D26B3E234009C49ED /* MOLeftDrawerView.m in Sources */ = {isa = PBXBuildFile; fileRef = FDB19B0E26B3E233009C49ED /* MOLeftDrawerView.m */; };
		FDB19B8E26B3E234009C49ED /* MOBottomDrawerView.m in Sources */ = {isa = PBXBuildFile; fileRef = FDB19B1226B3E233009C49ED /* MOBottomDrawerView.m */; };
		FDB19B8F26B3E234009C49ED /* MOArrayDataSource.m in Sources */ = {isa = PBXBuildFile; fileRef = FDB19B1326B3E233009C49ED /* MOArrayDataSource.m */; };
		FDB19B9026B3E234009C49ED /* MOControlCenterViewController.m in Sources */ = {isa = PBXBuildFile; fileRef = FDB19B1526B3E233009C49ED /* MOControlCenterViewController.m */; };
		FDB19B9126B3E234009C49ED /* news.mp3 in Resources */ = {isa = PBXBuildFile; fileRef = FDB19B1626B3E233009C49ED /* news.mp3 */; };
		FDB19B9226B3E234009C49ED /* MMNetworkManager.m in Sources */ = {isa = PBXBuildFile; fileRef = FDB19B1A26B3E233009C49ED /* MMNetworkManager.m */; };
		FDB19B9326B3E234009C49ED /* MONativeNetworkViewController.m in Sources */ = {isa = PBXBuildFile; fileRef = FDB19B1B26B3E233009C49ED /* MONativeNetworkViewController.m */; };
		FDB19B9426B3E234009C49ED /* MMNetworkModel.m in Sources */ = {isa = PBXBuildFile; fileRef = FDB19B1C26B3E233009C49ED /* MMNetworkModel.m */; };
		FDB19B9526B3E234009C49ED /* NSObject+Extension.m in Sources */ = {isa = PBXBuildFile; fileRef = FDB19B1D26B3E233009C49ED /* NSObject+Extension.m */; };
		FDB19B9626B3E234009C49ED /* MOOCMockDemo.m in Sources */ = {isa = PBXBuildFile; fileRef = FDB19B2326B3E233009C49ED /* MOOCMockDemo.m */; };
		FDB19B9726B3E234009C49ED /* MOPerson+Tests.m in Sources */ = {isa = PBXBuildFile; fileRef = FDB19B2426B3E233009C49ED /* MOPerson+Tests.m */; };
		FDB19B9826B3E234009C49ED /* TDD练习：火星车问题 in Resources */ = {isa = PBXBuildFile; fileRef = FDB19B2526B3E233009C49ED /* TDD练习：火星车问题 */; };
		FDB19B9926B3E234009C49ED /* MOMarsRover.m in Sources */ = {isa = PBXBuildFile; fileRef = FDB19B2626B3E233009C49ED /* MOMarsRover.m */; };
		FDB19B9A26B3E234009C49ED /* MOMenuButtonViewController.m in Sources */ = {isa = PBXBuildFile; fileRef = FDB19B2A26B3E233009C49ED /* MOMenuButtonViewController.m */; };
		FDB19B9B26B3E234009C49ED /* UIColorExtension.swift in Sources */ = {isa = PBXBuildFile; fileRef = FDB19B2C26B3E233009C49ED /* UIColorExtension.swift */; };
		FDB19B9C26B3E234009C49ED /* OverLayView.swift in Sources */ = {isa = PBXBuildFile; fileRef = FDB19B2D26B3E233009C49ED /* OverLayView.swift */; };
		FDB19B9D26B3E234009C49ED /* KYButtonCells.swift in Sources */ = {isa = PBXBuildFile; fileRef = FDB19B2E26B3E233009C49ED /* KYButtonCells.swift */; };
		FDB19B9E26B3E234009C49ED /* ButtonLayer.swift in Sources */ = {isa = PBXBuildFile; fileRef = FDB19B2F26B3E233009C49ED /* ButtonLayer.swift */; };
		FDB19B9F26B3E234009C49ED /* KYButtonDelegate.swift in Sources */ = {isa = PBXBuildFile; fileRef = FDB19B3026B3E233009C49ED /* KYButtonDelegate.swift */; };
		FDB19BA026B3E234009C49ED /* KYButton.swift in Sources */ = {isa = PBXBuildFile; fileRef = FDB19B3126B3E233009C49ED /* KYButton.swift */; };
		FDB19BA126B3E234009C49ED /* MOTableViewOptimizeViewController.m in Sources */ = {isa = PBXBuildFile; fileRef = FDB19B3426B3E233009C49ED /* MOTableViewOptimizeViewController.m */; };
		FDB19BA226B3E234009C49ED /* MOViewTestViewController.m in Sources */ = {isa = PBXBuildFile; fileRef = FDB19B3726B3E233009C49ED /* MOViewTestViewController.m */; };
		FDB19BA326B3E234009C49ED /* MOTitleLineView.m in Sources */ = {isa = PBXBuildFile; fileRef = FDB19B3926B3E233009C49ED /* MOTitleLineView.m */; };
		FDB19BA426B3E234009C49ED /* MOPerson.m in Sources */ = {isa = PBXBuildFile; fileRef = FDB19B3C26B3E233009C49ED /* MOPerson.m */; };
		FDB19BA526B3E234009C49ED /* MOKVCViewController.m in Sources */ = {isa = PBXBuildFile; fileRef = FDB19B3D26B3E233009C49ED /* MOKVCViewController.m */; };
		FDB19BA626B3E234009C49ED /* MOPrivateAPIViewController.m in Sources */ = {isa = PBXBuildFile; fileRef = FDB19B4126B3E233009C49ED /* MOPrivateAPIViewController.m */; };
		FDB19BA726B3E234009C49ED /* MOResponderTestView.m in Sources */ = {isa = PBXBuildFile; fileRef = FDB19B4526B3E233009C49ED /* MOResponderTestView.m */; };
		FDB19BA826B3E234009C49ED /* MOResponderViewController.m in Sources */ = {isa = PBXBuildFile; fileRef = FDB19B4726B3E233009C49ED /* MOResponderViewController.m */; };
		FDB19BA926B3E234009C49ED /* UIButton+Extension.m in Sources */ = {isa = PBXBuildFile; fileRef = FDB19B4926B3E233009C49ED /* UIButton+Extension.m */; };
		FDB19BAA26B3E234009C49ED /* MOWaterRipperView.m in Sources */ = {isa = PBXBuildFile; fileRef = FDB19B4B26B3E233009C49ED /* MOWaterRipperView.m */; };
		FDB19BAB26B3E234009C49ED /* MOWaterRippleViewController.m in Sources */ = {isa = PBXBuildFile; fileRef = FDB19B4C26B3E233009C49ED /* MOWaterRippleViewController.m */; };
		FDB19BAC26B3E234009C49ED /* MOGCD.m in Sources */ = {isa = PBXBuildFile; fileRef = FDB19B5326B3E233009C49ED /* MOGCD.m */; };
		FDB19BAD26B3E234009C49ED /* MOOperationQueue.m in Sources */ = {isa = PBXBuildFile; fileRef = FDB19B5426B3E233009C49ED /* MOOperationQueue.m */; };
		FDB19BAE26B3E234009C49ED /* MONSThread.m in Sources */ = {isa = PBXBuildFile; fileRef = FDB19B5526B3E233009C49ED /* MONSThread.m */; };
		FDB19BAF26B3E234009C49ED /* MOMultiThreadViewController.m in Sources */ = {isa = PBXBuildFile; fileRef = FDB19B5726B3E233009C49ED /* MOMultiThreadViewController.m */; };
		FDB19BB026B3E234009C49ED /* MOLocksViewController.m in Sources */ = {isa = PBXBuildFile; fileRef = FDB19B5926B3E233009C49ED /* MOLocksViewController.m */; };
		FDB19BB126B3E234009C49ED /* CircleLoadingView.swift in Sources */ = {isa = PBXBuildFile; fileRef = FDB19B5D26B3E233009C49ED /* CircleLoadingView.swift */; };
		FDB19BB226B3E234009C49ED /* MOCircleLoadingView.m in Sources */ = {isa = PBXBuildFile; fileRef = FDB19B5E26B3E233009C49ED /* MOCircleLoadingView.m */; };
		FDB19BB326B3E234009C49ED /* MOCricleLoadingViewController.m in Sources */ = {isa = PBXBuildFile; fileRef = FDB19B5F26B3E233009C49ED /* MOCricleLoadingViewController.m */; };
		FDB19BB426B3E234009C49ED /* MOBlockViewController.m in Sources */ = {isa = PBXBuildFile; fileRef = FDB19B6426B3E233009C49ED /* MOBlockViewController.m */; };
		FDB19BB526B3E234009C49ED /* UIViewController+Swizzling.m in Sources */ = {isa = PBXBuildFile; fileRef = FDB19B6926B3E234009C49ED /* UIViewController+Swizzling.m */; };
		FDB19BB626B3E234009C49ED /* UIImage+image.m in Sources */ = {isa = PBXBuildFile; fileRef = FDB19B6D26B3E234009C49ED /* UIImage+image.m */; };
		FDB19BB726B3E234009C49ED /* UILabel+Swizzling.m in Sources */ = {isa = PBXBuildFile; fileRef = FDB19B6F26B3E234009C49ED /* UILabel+Swizzling.m */; };
		FDB19BB826B3E234009C49ED /* MOStudent.m in Sources */ = {isa = PBXBuildFile; fileRef = FDB19B7126B3E234009C49ED /* MOStudent.m */; };
		FDB19BB926B3E234009C49ED /* UITableView+Placeholder.m in Sources */ = {isa = PBXBuildFile; fileRef = FDB19B7526B3E234009C49ED /* UITableView+Placeholder.m */; };
		FDB19BBA26B3E234009C49ED /* MOPlaceholderView.m in Sources */ = {isa = PBXBuildFile; fileRef = FDB19B7626B3E234009C49ED /* MOPlaceholderView.m */; };
		FDB19BBB26B3E234009C49ED /* UINavigationItem+Swizzling.m in Sources */ = {isa = PBXBuildFile; fileRef = FDB19B7726B3E234009C49ED /* UINavigationItem+Swizzling.m */; };
		FDB19BBC26B3E234009C49ED /* MORuntimeViewController.m in Sources */ = {isa = PBXBuildFile; fileRef = FDB19B7826B3E234009C49ED /* MORuntimeViewController.m */; };
		FDB19BBD26B3E234009C49ED /* UIButton+Swizzling.m in Sources */ = {isa = PBXBuildFile; fileRef = FDB19B7926B3E234009C49ED /* UIButton+Swizzling.m */; };
		FDB19BBE26B3E234009C49ED /* NSObject+property.m in Sources */ = {isa = PBXBuildFile; fileRef = FDB19B7A26B3E234009C49ED /* NSObject+property.m */; };
		FDB19BBF26B3E234009C49ED /* NSMutableArray+Swizzling.m in Sources */ = {isa = PBXBuildFile; fileRef = FDB19B7D26B3E234009C49ED /* NSMutableArray+Swizzling.m */; };
		FDB19BC026B3E234009C49ED /* NSObject+arrayContain.m in Sources */ = {isa = PBXBuildFile; fileRef = FDB19B7F26B3E234009C49ED /* NSObject+arrayContain.m */; };
		FDB19BC126B3E234009C49ED /* NSObject+Swizzling.m in Sources */ = {isa = PBXBuildFile; fileRef = FDB19B8026B3E234009C49ED /* NSObject+Swizzling.m */; };
		FDB19BC526B3E272009C49ED /* MOOCMockDemoTests.m in Sources */ = {isa = PBXBuildFile; fileRef = FDB19BC226B3E272009C49ED /* MOOCMockDemoTests.m */; };
		FDB19BC626B3E272009C49ED /* MOOCMockTests.m in Sources */ = {isa = PBXBuildFile; fileRef = FDB19BC326B3E272009C49ED /* MOOCMockTests.m */; };
		FDB19BC726B3E272009C49ED /* MOMarsRoverTests.m in Sources */ = {isa = PBXBuildFile; fileRef = FDB19BC426B3E272009C49ED /* MOMarsRoverTests.m */; };
		FDB50B2826C51EC70044DFFF /* MOOCHamcreatTests.m in Sources */ = {isa = PBXBuildFile; fileRef = FDB50B2726C51EC60044DFFF /* MOOCHamcreatTests.m */; };
/* End PBXBuildFile section */

/* Begin PBXContainerItemProxy section */
		FDB19AD926B3DD94009C49ED /* PBXContainerItemProxy */ = {
			isa = PBXContainerItemProxy;
			containerPortal = FDB19AB526B3DD93009C49ED /* Project object */;
			proxyType = 1;
			remoteGlobalIDString = FDB19ABC26B3DD93009C49ED;
			remoteInfo = MODemoOC;
		};
		FDB19AE426B3DD94009C49ED /* PBXContainerItemProxy */ = {
			isa = PBXContainerItemProxy;
			containerPortal = FDB19AB526B3DD93009C49ED /* Project object */;
			proxyType = 1;
			remoteGlobalIDString = FDB19ABC26B3DD93009C49ED;
			remoteInfo = MODemoOC;
		};
/* End PBXContainerItemProxy section */

/* Begin PBXFileReference section */
		03315B7847B38AAC057026B3 /* Pods-MODemoOC.debug.xcconfig */ = {isa = PBXFileReference; includeInIndex = 1; lastKnownFileType = text.xcconfig; name = "Pods-MODemoOC.debug.xcconfig"; path = "Target Support Files/Pods-MODemoOC/Pods-MODemoOC.debug.xcconfig"; sourceTree = "<group>"; };
		09B3CFD86AF627732DEB6ABA /* Pods-MODemoOCTests.release.xcconfig */ = {isa = PBXFileReference; includeInIndex = 1; lastKnownFileType = text.xcconfig; name = "Pods-MODemoOCTests.release.xcconfig"; path = "Target Support Files/Pods-MODemoOCTests/Pods-MODemoOCTests.release.xcconfig"; sourceTree = "<group>"; };
		2AEF1E8B6EC438A1150D4913 /* Pods_MODemoOC.framework */ = {isa = PBXFileReference; explicitFileType = wrapper.framework; includeInIndex = 0; path = Pods_MODemoOC.framework; sourceTree = BUILT_PRODUCTS_DIR; };
		44BE74AA1D01FCF9B491BE2E /* Pods_MODemoOCTests.framework */ = {isa = PBXFileReference; explicitFileType = wrapper.framework; includeInIndex = 0; path = Pods_MODemoOCTests.framework; sourceTree = BUILT_PRODUCTS_DIR; };
		98793B8FBEA1395C07D22E38 /* Pods-MODemoOCTests.debug.xcconfig */ = {isa = PBXFileReference; includeInIndex = 1; lastKnownFileType = text.xcconfig; name = "Pods-MODemoOCTests.debug.xcconfig"; path = "Target Support Files/Pods-MODemoOCTests/Pods-MODemoOCTests.debug.xcconfig"; sourceTree = "<group>"; };
		9AC37EDF9A21D7CF6349B069 /* Pods-MODemoOC-MODemoOCUITests.release.xcconfig */ = {isa = PBXFileReference; includeInIndex = 1; lastKnownFileType = text.xcconfig; name = "Pods-MODemoOC-MODemoOCUITests.release.xcconfig"; path = "Target Support Files/Pods-MODemoOC-MODemoOCUITests/Pods-MODemoOC-MODemoOCUITests.release.xcconfig"; sourceTree = "<group>"; };
		A1E2BF376A5EF1B6A58748B9 /* Pods-MODemoOC-MODemoOCUITests.debug.xcconfig */ = {isa = PBXFileReference; includeInIndex = 1; lastKnownFileType = text.xcconfig; name = "Pods-MODemoOC-MODemoOCUITests.debug.xcconfig"; path = "Target Support Files/Pods-MODemoOC-MODemoOCUITests/Pods-MODemoOC-MODemoOCUITests.debug.xcconfig"; sourceTree = "<group>"; };
		C6521AB37E56E743F9BC025E /* Pods_MODemoOC_MODemoOCUITests.framework */ = {isa = PBXFileReference; explicitFileType = wrapper.framework; includeInIndex = 0; path = Pods_MODemoOC_MODemoOCUITests.framework; sourceTree = BUILT_PRODUCTS_DIR; };
		F198CC957718798C58E175CF /* Pods-MODemoOC.release.xcconfig */ = {isa = PBXFileReference; includeInIndex = 1; lastKnownFileType = text.xcconfig; name = "Pods-MODemoOC.release.xcconfig"; path = "Target Support Files/Pods-MODemoOC/Pods-MODemoOC.release.xcconfig"; sourceTree = "<group>"; };
		FD335D03272E793F00521DBC /* MOFollowLightView.h */ = {isa = PBXFileReference; lastKnownFileType = sourcecode.c.h; path = MOFollowLightView.h; sourceTree = "<group>"; };
		FD335D04272E793F00521DBC /* MOFollowLightView.m */ = {isa = PBXFileReference; lastKnownFileType = sourcecode.c.objc; path = MOFollowLightView.m; sourceTree = "<group>"; };
		FDB19ABD26B3DD93009C49ED /* MODemoOC.app */ = {isa = PBXFileReference; explicitFileType = wrapper.application; includeInIndex = 0; path = MODemoOC.app; sourceTree = BUILT_PRODUCTS_DIR; };
		FDB19AC026B3DD93009C49ED /* AppDelegate.h */ = {isa = PBXFileReference; lastKnownFileType = sourcecode.c.h; path = AppDelegate.h; sourceTree = "<group>"; };
		FDB19AC126B3DD93009C49ED /* AppDelegate.m */ = {isa = PBXFileReference; lastKnownFileType = sourcecode.c.objc; path = AppDelegate.m; sourceTree = "<group>"; };
		FDB19AC326B3DD93009C49ED /* SceneDelegate.h */ = {isa = PBXFileReference; lastKnownFileType = sourcecode.c.h; path = SceneDelegate.h; sourceTree = "<group>"; };
		FDB19AC426B3DD93009C49ED /* SceneDelegate.m */ = {isa = PBXFileReference; lastKnownFileType = sourcecode.c.objc; path = SceneDelegate.m; sourceTree = "<group>"; };
		FDB19AC626B3DD93009C49ED /* ViewController.h */ = {isa = PBXFileReference; lastKnownFileType = sourcecode.c.h; path = ViewController.h; sourceTree = "<group>"; };
		FDB19AC726B3DD93009C49ED /* ViewController.m */ = {isa = PBXFileReference; lastKnownFileType = sourcecode.c.objc; path = ViewController.m; sourceTree = "<group>"; };
		FDB19ACA26B3DD93009C49ED /* Base */ = {isa = PBXFileReference; lastKnownFileType = file.storyboard; name = Base; path = Base.lproj/Main.storyboard; sourceTree = "<group>"; };
		FDB19ACC26B3DD94009C49ED /* Assets.xcassets */ = {isa = PBXFileReference; lastKnownFileType = folder.assetcatalog; path = Assets.xcassets; sourceTree = "<group>"; };
		FDB19ACF26B3DD94009C49ED /* Base */ = {isa = PBXFileReference; lastKnownFileType = file.storyboard; name = Base; path = Base.lproj/LaunchScreen.storyboard; sourceTree = "<group>"; };
		FDB19AD126B3DD94009C49ED /* Info.plist */ = {isa = PBXFileReference; lastKnownFileType = text.plist.xml; path = Info.plist; sourceTree = "<group>"; };
		FDB19AD226B3DD94009C49ED /* main.m */ = {isa = PBXFileReference; lastKnownFileType = sourcecode.c.objc; path = main.m; sourceTree = "<group>"; };
		FDB19AD826B3DD94009C49ED /* MODemoOCTests.xctest */ = {isa = PBXFileReference; explicitFileType = wrapper.cfbundle; includeInIndex = 0; path = MODemoOCTests.xctest; sourceTree = BUILT_PRODUCTS_DIR; };
		FDB19ADC26B3DD94009C49ED /* MODemoOCTests.m */ = {isa = PBXFileReference; lastKnownFileType = sourcecode.c.objc; path = MODemoOCTests.m; sourceTree = "<group>"; };
		FDB19ADE26B3DD94009C49ED /* Info.plist */ = {isa = PBXFileReference; lastKnownFileType = text.plist.xml; path = Info.plist; sourceTree = "<group>"; };
		FDB19AE326B3DD94009C49ED /* MODemoOCUITests.xctest */ = {isa = PBXFileReference; explicitFileType = wrapper.cfbundle; includeInIndex = 0; path = MODemoOCUITests.xctest; sourceTree = BUILT_PRODUCTS_DIR; };
		FDB19AE726B3DD94009C49ED /* MODemoOCUITests.m */ = {isa = PBXFileReference; lastKnownFileType = sourcecode.c.objc; path = MODemoOCUITests.m; sourceTree = "<group>"; };
		FDB19AE926B3DD94009C49ED /* Info.plist */ = {isa = PBXFileReference; lastKnownFileType = text.plist.xml; path = Info.plist; sourceTree = "<group>"; };
		FDB19AF626B3E232009C49ED /* NSTimer+MOBlock.h */ = {isa = PBXFileReference; fileEncoding = 4; lastKnownFileType = sourcecode.c.h; path = "NSTimer+MOBlock.h"; sourceTree = "<group>"; };
		FDB19AF726B3E232009C49ED /* YYWeakProxy.m */ = {isa = PBXFileReference; fileEncoding = 4; lastKnownFileType = sourcecode.c.objc; path = YYWeakProxy.m; sourceTree = "<group>"; };
		FDB19AF826B3E232009C49ED /* MOTimerViewController.h */ = {isa = PBXFileReference; fileEncoding = 4; lastKnownFileType = sourcecode.c.h; path = MOTimerViewController.h; sourceTree = "<group>"; };
		FDB19AF926B3E232009C49ED /* MOProxy.h */ = {isa = PBXFileReference; fileEncoding = 4; lastKnownFileType = sourcecode.c.h; path = MOProxy.h; sourceTree = "<group>"; };
		FDB19AFA26B3E232009C49ED /* YYWeakProxy.h */ = {isa = PBXFileReference; fileEncoding = 4; lastKnownFileType = sourcecode.c.h; path = YYWeakProxy.h; sourceTree = "<group>"; };
		FDB19AFB26B3E232009C49ED /* NSTimer+MOBlock.m */ = {isa = PBXFileReference; fileEncoding = 4; lastKnownFileType = sourcecode.c.objc; path = "NSTimer+MOBlock.m"; sourceTree = "<group>"; };
		FDB19AFC26B3E232009C49ED /* MOTimerViewController.m */ = {isa = PBXFileReference; fileEncoding = 4; lastKnownFileType = sourcecode.c.objc; path = MOTimerViewController.m; sourceTree = "<group>"; };
		FDB19AFD26B3E232009C49ED /* MOProxy.m */ = {isa = PBXFileReference; fileEncoding = 4; lastKnownFileType = sourcecode.c.objc; path = MOProxy.m; sourceTree = "<group>"; };
		FDB19B0026B3E232009C49ED /* GCWebviewJSBridge_JS.h */ = {isa = PBXFileReference; fileEncoding = 4; lastKnownFileType = sourcecode.c.h; path = GCWebviewJSBridge_JS.h; sourceTree = "<group>"; };
		FDB19B0126B3E232009C49ED /* GCWebviewJSBridge.m */ = {isa = PBXFileReference; fileEncoding = 4; lastKnownFileType = sourcecode.c.objc; path = GCWebviewJSBridge.m; sourceTree = "<group>"; };
		FDB19B0226B3E232009C49ED /* GCWebviewJSBridgeBase.h */ = {isa = PBXFileReference; fileEncoding = 4; lastKnownFileType = sourcecode.c.h; path = GCWebviewJSBridgeBase.h; sourceTree = "<group>"; };
		FDB19B0326B3E232009C49ED /* GCWebviewJSBridge_JS.m */ = {isa = PBXFileReference; fileEncoding = 4; lastKnownFileType = sourcecode.c.objc; path = GCWebviewJSBridge_JS.m; sourceTree = "<group>"; };
		FDB19B0426B3E232009C49ED /* GCWebviewJSBridgeBase.m */ = {isa = PBXFileReference; fileEncoding = 4; lastKnownFileType = sourcecode.c.objc; path = GCWebviewJSBridgeBase.m; sourceTree = "<group>"; };
		FDB19B0526B3E232009C49ED /* GCWebviewJSBridge.h */ = {isa = PBXFileReference; fileEncoding = 4; lastKnownFileType = sourcecode.c.h; path = GCWebviewJSBridge.h; sourceTree = "<group>"; };
		FDB19B0626B3E232009C49ED /* index.html */ = {isa = PBXFileReference; fileEncoding = 4; lastKnownFileType = text.html; path = index.html; sourceTree = "<group>"; };
		FDB19B0726B3E232009C49ED /* MOWebViewJSBridgeViewController.m */ = {isa = PBXFileReference; fileEncoding = 4; lastKnownFileType = sourcecode.c.objc; path = MOWebViewJSBridgeViewController.m; sourceTree = "<group>"; };
		FDB19B0826B3E232009C49ED /* MOWebViewJSBridgeViewController.h */ = {isa = PBXFileReference; fileEncoding = 4; lastKnownFileType = sourcecode.c.h; path = MOWebViewJSBridgeViewController.h; sourceTree = "<group>"; };
		FDB19B0A26B3E233009C49ED /* MOImageButtonViewController.h */ = {isa = PBXFileReference; fileEncoding = 4; lastKnownFileType = sourcecode.c.h; path = MOImageButtonViewController.h; sourceTree = "<group>"; };
		FDB19B0B26B3E233009C49ED /* MOImageButtonViewController.m */ = {isa = PBXFileReference; fileEncoding = 4; lastKnownFileType = sourcecode.c.objc; path = MOImageButtonViewController.m; sourceTree = "<group>"; };
		FDB19B0D26B3E233009C49ED /* MODrawerViewController.m */ = {isa = PBXFileReference; fileEncoding = 4; lastKnownFileType = sourcecode.c.objc; path = MODrawerViewController.m; sourceTree = "<group>"; };
		FDB19B0E26B3E233009C49ED /* MOLeftDrawerView.m */ = {isa = PBXFileReference; fileEncoding = 4; lastKnownFileType = sourcecode.c.objc; path = MOLeftDrawerView.m; sourceTree = "<group>"; };
		FDB19B0F26B3E233009C49ED /* MOBottomDrawerView.h */ = {isa = PBXFileReference; fileEncoding = 4; lastKnownFileType = sourcecode.c.h; path = MOBottomDrawerView.h; sourceTree = "<group>"; };
		FDB19B1026B3E233009C49ED /* MOLeftDrawerView.h */ = {isa = PBXFileReference; fileEncoding = 4; lastKnownFileType = sourcecode.c.h; path = MOLeftDrawerView.h; sourceTree = "<group>"; };
		FDB19B1126B3E233009C49ED /* MODrawerViewController.h */ = {isa = PBXFileReference; fileEncoding = 4; lastKnownFileType = sourcecode.c.h; path = MODrawerViewController.h; sourceTree = "<group>"; };
		FDB19B1226B3E233009C49ED /* MOBottomDrawerView.m */ = {isa = PBXFileReference; fileEncoding = 4; lastKnownFileType = sourcecode.c.objc; path = MOBottomDrawerView.m; sourceTree = "<group>"; };
		FDB19B1326B3E233009C49ED /* MOArrayDataSource.m */ = {isa = PBXFileReference; fileEncoding = 4; lastKnownFileType = sourcecode.c.objc; path = MOArrayDataSource.m; sourceTree = "<group>"; };
		FDB19B1526B3E233009C49ED /* MOControlCenterViewController.m */ = {isa = PBXFileReference; fileEncoding = 4; lastKnownFileType = sourcecode.c.objc; path = MOControlCenterViewController.m; sourceTree = "<group>"; };
		FDB19B1626B3E233009C49ED /* news.mp3 */ = {isa = PBXFileReference; lastKnownFileType = audio.mp3; path = news.mp3; sourceTree = "<group>"; };
		FDB19B1726B3E233009C49ED /* MOControlCenterViewController.h */ = {isa = PBXFileReference; fileEncoding = 4; lastKnownFileType = sourcecode.c.h; path = MOControlCenterViewController.h; sourceTree = "<group>"; };
		FDB19B1926B3E233009C49ED /* NSObject+Extension.h */ = {isa = PBXFileReference; fileEncoding = 4; lastKnownFileType = sourcecode.c.h; path = "NSObject+Extension.h"; sourceTree = "<group>"; };
		FDB19B1A26B3E233009C49ED /* MMNetworkManager.m */ = {isa = PBXFileReference; fileEncoding = 4; lastKnownFileType = sourcecode.c.objc; path = MMNetworkManager.m; sourceTree = "<group>"; };
		FDB19B1B26B3E233009C49ED /* MONativeNetworkViewController.m */ = {isa = PBXFileReference; fileEncoding = 4; lastKnownFileType = sourcecode.c.objc; path = MONativeNetworkViewController.m; sourceTree = "<group>"; };
		FDB19B1C26B3E233009C49ED /* MMNetworkModel.m */ = {isa = PBXFileReference; fileEncoding = 4; lastKnownFileType = sourcecode.c.objc; path = MMNetworkModel.m; sourceTree = "<group>"; };
		FDB19B1D26B3E233009C49ED /* NSObject+Extension.m */ = {isa = PBXFileReference; fileEncoding = 4; lastKnownFileType = sourcecode.c.objc; path = "NSObject+Extension.m"; sourceTree = "<group>"; };
		FDB19B1E26B3E233009C49ED /* MONativeNetworkViewController.h */ = {isa = PBXFileReference; fileEncoding = 4; lastKnownFileType = sourcecode.c.h; path = MONativeNetworkViewController.h; sourceTree = "<group>"; };
		FDB19B1F26B3E233009C49ED /* MMNetworkManager.h */ = {isa = PBXFileReference; fileEncoding = 4; lastKnownFileType = sourcecode.c.h; path = MMNetworkManager.h; sourceTree = "<group>"; };
		FDB19B2026B3E233009C49ED /* MMNetworkModel.h */ = {isa = PBXFileReference; fileEncoding = 4; lastKnownFileType = sourcecode.c.h; path = MMNetworkModel.h; sourceTree = "<group>"; };
		FDB19B2226B3E233009C49ED /* MOMarsRover.h */ = {isa = PBXFileReference; fileEncoding = 4; lastKnownFileType = sourcecode.c.h; path = MOMarsRover.h; sourceTree = "<group>"; };
		FDB19B2326B3E233009C49ED /* MOOCMockDemo.m */ = {isa = PBXFileReference; fileEncoding = 4; lastKnownFileType = sourcecode.c.objc; path = MOOCMockDemo.m; sourceTree = "<group>"; };
		FDB19B2426B3E233009C49ED /* MOPerson+Tests.m */ = {isa = PBXFileReference; fileEncoding = 4; lastKnownFileType = sourcecode.c.objc; path = "MOPerson+Tests.m"; sourceTree = "<group>"; };
		FDB19B2526B3E233009C49ED /* TDD练习：火星车问题 */ = {isa = PBXFileReference; lastKnownFileType = file; path = "TDD练习：火星车问题"; sourceTree = "<group>"; };
		FDB19B2626B3E233009C49ED /* MOMarsRover.m */ = {isa = PBXFileReference; fileEncoding = 4; lastKnownFileType = sourcecode.c.objc; path = MOMarsRover.m; sourceTree = "<group>"; };
		FDB19B2726B3E233009C49ED /* MOPerson+Tests.h */ = {isa = PBXFileReference; fileEncoding = 4; lastKnownFileType = sourcecode.c.h; path = "MOPerson+Tests.h"; sourceTree = "<group>"; };
		FDB19B2826B3E233009C49ED /* MOOCMockDemo.h */ = {isa = PBXFileReference; fileEncoding = 4; lastKnownFileType = sourcecode.c.h; path = MOOCMockDemo.h; sourceTree = "<group>"; };
		FDB19B2A26B3E233009C49ED /* MOMenuButtonViewController.m */ = {isa = PBXFileReference; fileEncoding = 4; lastKnownFileType = sourcecode.c.objc; path = MOMenuButtonViewController.m; sourceTree = "<group>"; };
		FDB19B2C26B3E233009C49ED /* UIColorExtension.swift */ = {isa = PBXFileReference; fileEncoding = 4; lastKnownFileType = sourcecode.swift; path = UIColorExtension.swift; sourceTree = "<group>"; };
		FDB19B2D26B3E233009C49ED /* OverLayView.swift */ = {isa = PBXFileReference; fileEncoding = 4; lastKnownFileType = sourcecode.swift; path = OverLayView.swift; sourceTree = "<group>"; };
		FDB19B2E26B3E233009C49ED /* KYButtonCells.swift */ = {isa = PBXFileReference; fileEncoding = 4; lastKnownFileType = sourcecode.swift; path = KYButtonCells.swift; sourceTree = "<group>"; };
		FDB19B2F26B3E233009C49ED /* ButtonLayer.swift */ = {isa = PBXFileReference; fileEncoding = 4; lastKnownFileType = sourcecode.swift; path = ButtonLayer.swift; sourceTree = "<group>"; };
		FDB19B3026B3E233009C49ED /* KYButtonDelegate.swift */ = {isa = PBXFileReference; fileEncoding = 4; lastKnownFileType = sourcecode.swift; path = KYButtonDelegate.swift; sourceTree = "<group>"; };
		FDB19B3126B3E233009C49ED /* KYButton.swift */ = {isa = PBXFileReference; fileEncoding = 4; lastKnownFileType = sourcecode.swift; path = KYButton.swift; sourceTree = "<group>"; };
		FDB19B3226B3E233009C49ED /* MOMenuButtonViewController.h */ = {isa = PBXFileReference; fileEncoding = 4; lastKnownFileType = sourcecode.c.h; path = MOMenuButtonViewController.h; sourceTree = "<group>"; };
		FDB19B3426B3E233009C49ED /* MOTableViewOptimizeViewController.m */ = {isa = PBXFileReference; fileEncoding = 4; lastKnownFileType = sourcecode.c.objc; path = MOTableViewOptimizeViewController.m; sourceTree = "<group>"; };
		FDB19B3526B3E233009C49ED /* MOTableViewOptimizeViewController.h */ = {isa = PBXFileReference; fileEncoding = 4; lastKnownFileType = sourcecode.c.h; path = MOTableViewOptimizeViewController.h; sourceTree = "<group>"; };
		FDB19B3726B3E233009C49ED /* MOViewTestViewController.m */ = {isa = PBXFileReference; fileEncoding = 4; lastKnownFileType = sourcecode.c.objc; path = MOViewTestViewController.m; sourceTree = "<group>"; };
		FDB19B3826B3E233009C49ED /* MOTitleLineView.h */ = {isa = PBXFileReference; fileEncoding = 4; lastKnownFileType = sourcecode.c.h; path = MOTitleLineView.h; sourceTree = "<group>"; };
		FDB19B3926B3E233009C49ED /* MOTitleLineView.m */ = {isa = PBXFileReference; fileEncoding = 4; lastKnownFileType = sourcecode.c.objc; path = MOTitleLineView.m; sourceTree = "<group>"; };
		FDB19B3A26B3E233009C49ED /* MOViewTestViewController.h */ = {isa = PBXFileReference; fileEncoding = 4; lastKnownFileType = sourcecode.c.h; path = MOViewTestViewController.h; sourceTree = "<group>"; };
		FDB19B3C26B3E233009C49ED /* MOPerson.m */ = {isa = PBXFileReference; fileEncoding = 4; lastKnownFileType = sourcecode.c.objc; path = MOPerson.m; sourceTree = "<group>"; };
		FDB19B3D26B3E233009C49ED /* MOKVCViewController.m */ = {isa = PBXFileReference; fileEncoding = 4; lastKnownFileType = sourcecode.c.objc; path = MOKVCViewController.m; sourceTree = "<group>"; };
		FDB19B3E26B3E233009C49ED /* MOPerson.h */ = {isa = PBXFileReference; fileEncoding = 4; lastKnownFileType = sourcecode.c.h; path = MOPerson.h; sourceTree = "<group>"; };
		FDB19B3F26B3E233009C49ED /* MOKVCViewController.h */ = {isa = PBXFileReference; fileEncoding = 4; lastKnownFileType = sourcecode.c.h; path = MOKVCViewController.h; sourceTree = "<group>"; };
		FDB19B4126B3E233009C49ED /* MOPrivateAPIViewController.m */ = {isa = PBXFileReference; fileEncoding = 4; lastKnownFileType = sourcecode.c.objc; path = MOPrivateAPIViewController.m; sourceTree = "<group>"; };
		FDB19B4226B3E233009C49ED /* MOPrivateAPIViewController.h */ = {isa = PBXFileReference; fileEncoding = 4; lastKnownFileType = sourcecode.c.h; path = MOPrivateAPIViewController.h; sourceTree = "<group>"; };
		FDB19B4426B3E233009C49ED /* MOResponderViewController.h */ = {isa = PBXFileReference; fileEncoding = 4; lastKnownFileType = sourcecode.c.h; path = MOResponderViewController.h; sourceTree = "<group>"; };
		FDB19B4526B3E233009C49ED /* MOResponderTestView.m */ = {isa = PBXFileReference; fileEncoding = 4; lastKnownFileType = sourcecode.c.objc; path = MOResponderTestView.m; sourceTree = "<group>"; };
		FDB19B4626B3E233009C49ED /* UIButton+Extension.h */ = {isa = PBXFileReference; fileEncoding = 4; lastKnownFileType = sourcecode.c.h; path = "UIButton+Extension.h"; sourceTree = "<group>"; };
		FDB19B4726B3E233009C49ED /* MOResponderViewController.m */ = {isa = PBXFileReference; fileEncoding = 4; lastKnownFileType = sourcecode.c.objc; path = MOResponderViewController.m; sourceTree = "<group>"; };
		FDB19B4826B3E233009C49ED /* MOResponderTestView.h */ = {isa = PBXFileReference; fileEncoding = 4; lastKnownFileType = sourcecode.c.h; path = MOResponderTestView.h; sourceTree = "<group>"; };
		FDB19B4926B3E233009C49ED /* UIButton+Extension.m */ = {isa = PBXFileReference; fileEncoding = 4; lastKnownFileType = sourcecode.c.objc; path = "UIButton+Extension.m"; sourceTree = "<group>"; };
		FDB19B4B26B3E233009C49ED /* MOWaterRipperView.m */ = {isa = PBXFileReference; fileEncoding = 4; lastKnownFileType = sourcecode.c.objc; path = MOWaterRipperView.m; sourceTree = "<group>"; };
		FDB19B4C26B3E233009C49ED /* MOWaterRippleViewController.m */ = {isa = PBXFileReference; fileEncoding = 4; lastKnownFileType = sourcecode.c.objc; path = MOWaterRippleViewController.m; sourceTree = "<group>"; };
		FDB19B4D26B3E233009C49ED /* MOWaterRipperView.h */ = {isa = PBXFileReference; fileEncoding = 4; lastKnownFileType = sourcecode.c.h; path = MOWaterRipperView.h; sourceTree = "<group>"; };
		FDB19B4E26B3E233009C49ED /* MOWaterRippleViewController.h */ = {isa = PBXFileReference; fileEncoding = 4; lastKnownFileType = sourcecode.c.h; path = MOWaterRippleViewController.h; sourceTree = "<group>"; };
		FDB19B5026B3E233009C49ED /* MOOperationQueue.h */ = {isa = PBXFileReference; fileEncoding = 4; lastKnownFileType = sourcecode.c.h; path = MOOperationQueue.h; sourceTree = "<group>"; };
		FDB19B5126B3E233009C49ED /* MONSThread.h */ = {isa = PBXFileReference; fileEncoding = 4; lastKnownFileType = sourcecode.c.h; path = MONSThread.h; sourceTree = "<group>"; };
		FDB19B5226B3E233009C49ED /* MOMultiThreadViewController.h */ = {isa = PBXFileReference; fileEncoding = 4; lastKnownFileType = sourcecode.c.h; path = MOMultiThreadViewController.h; sourceTree = "<group>"; };
		FDB19B5326B3E233009C49ED /* MOGCD.m */ = {isa = PBXFileReference; fileEncoding = 4; lastKnownFileType = sourcecode.c.objc; path = MOGCD.m; sourceTree = "<group>"; };
		FDB19B5426B3E233009C49ED /* MOOperationQueue.m */ = {isa = PBXFileReference; fileEncoding = 4; lastKnownFileType = sourcecode.c.objc; path = MOOperationQueue.m; sourceTree = "<group>"; };
		FDB19B5526B3E233009C49ED /* MONSThread.m */ = {isa = PBXFileReference; fileEncoding = 4; lastKnownFileType = sourcecode.c.objc; path = MONSThread.m; sourceTree = "<group>"; };
		FDB19B5626B3E233009C49ED /* MOGCD.h */ = {isa = PBXFileReference; fileEncoding = 4; lastKnownFileType = sourcecode.c.h; path = MOGCD.h; sourceTree = "<group>"; };
		FDB19B5726B3E233009C49ED /* MOMultiThreadViewController.m */ = {isa = PBXFileReference; fileEncoding = 4; lastKnownFileType = sourcecode.c.objc; path = MOMultiThreadViewController.m; sourceTree = "<group>"; };
		FDB19B5926B3E233009C49ED /* MOLocksViewController.m */ = {isa = PBXFileReference; fileEncoding = 4; lastKnownFileType = sourcecode.c.objc; path = MOLocksViewController.m; sourceTree = "<group>"; };
		FDB19B5A26B3E233009C49ED /* MOLocksViewController.h */ = {isa = PBXFileReference; fileEncoding = 4; lastKnownFileType = sourcecode.c.h; path = MOLocksViewController.h; sourceTree = "<group>"; };
		FDB19B5C26B3E233009C49ED /* MOCricleLoadingViewController.h */ = {isa = PBXFileReference; fileEncoding = 4; lastKnownFileType = sourcecode.c.h; path = MOCricleLoadingViewController.h; sourceTree = "<group>"; };
		FDB19B5D26B3E233009C49ED /* CircleLoadingView.swift */ = {isa = PBXFileReference; fileEncoding = 4; lastKnownFileType = sourcecode.swift; path = CircleLoadingView.swift; sourceTree = "<group>"; };
		FDB19B5E26B3E233009C49ED /* MOCircleLoadingView.m */ = {isa = PBXFileReference; fileEncoding = 4; lastKnownFileType = sourcecode.c.objc; path = MOCircleLoadingView.m; sourceTree = "<group>"; };
		FDB19B5F26B3E233009C49ED /* MOCricleLoadingViewController.m */ = {isa = PBXFileReference; fileEncoding = 4; lastKnownFileType = sourcecode.c.objc; path = MOCricleLoadingViewController.m; sourceTree = "<group>"; };
		FDB19B6026B3E233009C49ED /* MOCircleLoadingView.h */ = {isa = PBXFileReference; fileEncoding = 4; lastKnownFileType = sourcecode.c.h; path = MOCircleLoadingView.h; sourceTree = "<group>"; };
		FDB19B6126B3E233009C49ED /* MOArrayDataSource.h */ = {isa = PBXFileReference; fileEncoding = 4; lastKnownFileType = sourcecode.c.h; path = MOArrayDataSource.h; sourceTree = "<group>"; };
		FDB19B6326B3E233009C49ED /* MOBlockViewController.h */ = {isa = PBXFileReference; fileEncoding = 4; lastKnownFileType = sourcecode.c.h; path = MOBlockViewController.h; sourceTree = "<group>"; };
		FDB19B6426B3E233009C49ED /* MOBlockViewController.m */ = {isa = PBXFileReference; fileEncoding = 4; lastKnownFileType = sourcecode.c.objc; path = MOBlockViewController.m; sourceTree = "<group>"; };
		FDB19B6626B3E234009C49ED /* MORuntimeViewController.h */ = {isa = PBXFileReference; fileEncoding = 4; lastKnownFileType = sourcecode.c.h; path = MORuntimeViewController.h; sourceTree = "<group>"; };
		FDB19B6726B3E234009C49ED /* UINavigationItem+Swizzling.h */ = {isa = PBXFileReference; fileEncoding = 4; lastKnownFileType = sourcecode.c.h; path = "UINavigationItem+Swizzling.h"; sourceTree = "<group>"; };
		FDB19B6826B3E234009C49ED /* MOStudent.h */ = {isa = PBXFileReference; fileEncoding = 4; lastKnownFileType = sourcecode.c.h; path = MOStudent.h; sourceTree = "<group>"; };
		FDB19B6926B3E234009C49ED /* UIViewController+Swizzling.m */ = {isa = PBXFileReference; fileEncoding = 4; lastKnownFileType = sourcecode.c.objc; path = "UIViewController+Swizzling.m"; sourceTree = "<group>"; };
		FDB19B6A26B3E234009C49ED /* UIButton+Swizzling.h */ = {isa = PBXFileReference; fileEncoding = 4; lastKnownFileType = sourcecode.c.h; path = "UIButton+Swizzling.h"; sourceTree = "<group>"; };
		FDB19B6B26B3E234009C49ED /* NSObject+property.h */ = {isa = PBXFileReference; fileEncoding = 4; lastKnownFileType = sourcecode.c.h; path = "NSObject+property.h"; sourceTree = "<group>"; };
		FDB19B6C26B3E234009C49ED /* NSObject+arrayContain.h */ = {isa = PBXFileReference; fileEncoding = 4; lastKnownFileType = sourcecode.c.h; path = "NSObject+arrayContain.h"; sourceTree = "<group>"; };
		FDB19B6D26B3E234009C49ED /* UIImage+image.m */ = {isa = PBXFileReference; fileEncoding = 4; lastKnownFileType = sourcecode.c.objc; path = "UIImage+image.m"; sourceTree = "<group>"; };
		FDB19B6E26B3E234009C49ED /* NSMutableArray+Swizzling.h */ = {isa = PBXFileReference; fileEncoding = 4; lastKnownFileType = sourcecode.c.h; path = "NSMutableArray+Swizzling.h"; sourceTree = "<group>"; };
		FDB19B6F26B3E234009C49ED /* UILabel+Swizzling.m */ = {isa = PBXFileReference; fileEncoding = 4; lastKnownFileType = sourcecode.c.objc; path = "UILabel+Swizzling.m"; sourceTree = "<group>"; };
		FDB19B7026B3E234009C49ED /* NSObject+Swizzling.h */ = {isa = PBXFileReference; fileEncoding = 4; lastKnownFileType = sourcecode.c.h; path = "NSObject+Swizzling.h"; sourceTree = "<group>"; };
		FDB19B7126B3E234009C49ED /* MOStudent.m */ = {isa = PBXFileReference; fileEncoding = 4; lastKnownFileType = sourcecode.c.objc; path = MOStudent.m; sourceTree = "<group>"; };
		FDB19B7326B3E234009C49ED /* UITableView+Placeholder.h */ = {isa = PBXFileReference; fileEncoding = 4; lastKnownFileType = sourcecode.c.h; path = "UITableView+Placeholder.h"; sourceTree = "<group>"; };
		FDB19B7426B3E234009C49ED /* MOPlaceholderView.h */ = {isa = PBXFileReference; fileEncoding = 4; lastKnownFileType = sourcecode.c.h; path = MOPlaceholderView.h; sourceTree = "<group>"; };
		FDB19B7526B3E234009C49ED /* UITableView+Placeholder.m */ = {isa = PBXFileReference; fileEncoding = 4; lastKnownFileType = sourcecode.c.objc; path = "UITableView+Placeholder.m"; sourceTree = "<group>"; };
		FDB19B7626B3E234009C49ED /* MOPlaceholderView.m */ = {isa = PBXFileReference; fileEncoding = 4; lastKnownFileType = sourcecode.c.objc; path = MOPlaceholderView.m; sourceTree = "<group>"; };
		FDB19B7726B3E234009C49ED /* UINavigationItem+Swizzling.m */ = {isa = PBXFileReference; fileEncoding = 4; lastKnownFileType = sourcecode.c.objc; path = "UINavigationItem+Swizzling.m"; sourceTree = "<group>"; };
		FDB19B7826B3E234009C49ED /* MORuntimeViewController.m */ = {isa = PBXFileReference; fileEncoding = 4; lastKnownFileType = sourcecode.c.objc; path = MORuntimeViewController.m; sourceTree = "<group>"; };
		FDB19B7926B3E234009C49ED /* UIButton+Swizzling.m */ = {isa = PBXFileReference; fileEncoding = 4; lastKnownFileType = sourcecode.c.objc; path = "UIButton+Swizzling.m"; sourceTree = "<group>"; };
		FDB19B7A26B3E234009C49ED /* NSObject+property.m */ = {isa = PBXFileReference; fileEncoding = 4; lastKnownFileType = sourcecode.c.objc; path = "NSObject+property.m"; sourceTree = "<group>"; };
		FDB19B7B26B3E234009C49ED /* UIViewController+Swizzling.h */ = {isa = PBXFileReference; fileEncoding = 4; lastKnownFileType = sourcecode.c.h; path = "UIViewController+Swizzling.h"; sourceTree = "<group>"; };
		FDB19B7C26B3E234009C49ED /* UILabel+Swizzling.h */ = {isa = PBXFileReference; fileEncoding = 4; lastKnownFileType = sourcecode.c.h; path = "UILabel+Swizzling.h"; sourceTree = "<group>"; };
		FDB19B7D26B3E234009C49ED /* NSMutableArray+Swizzling.m */ = {isa = PBXFileReference; fileEncoding = 4; lastKnownFileType = sourcecode.c.objc; path = "NSMutableArray+Swizzling.m"; sourceTree = "<group>"; };
		FDB19B7E26B3E234009C49ED /* UIImage+image.h */ = {isa = PBXFileReference; fileEncoding = 4; lastKnownFileType = sourcecode.c.h; path = "UIImage+image.h"; sourceTree = "<group>"; };
		FDB19B7F26B3E234009C49ED /* NSObject+arrayContain.m */ = {isa = PBXFileReference; fileEncoding = 4; lastKnownFileType = sourcecode.c.objc; path = "NSObject+arrayContain.m"; sourceTree = "<group>"; };
		FDB19B8026B3E234009C49ED /* NSObject+Swizzling.m */ = {isa = PBXFileReference; fileEncoding = 4; lastKnownFileType = sourcecode.c.objc; path = "NSObject+Swizzling.m"; sourceTree = "<group>"; };
		FDB19BC226B3E272009C49ED /* MOOCMockDemoTests.m */ = {isa = PBXFileReference; fileEncoding = 4; lastKnownFileType = sourcecode.c.objc; path = MOOCMockDemoTests.m; sourceTree = "<group>"; };
		FDB19BC326B3E272009C49ED /* MOOCMockTests.m */ = {isa = PBXFileReference; fileEncoding = 4; lastKnownFileType = sourcecode.c.objc; path = MOOCMockTests.m; sourceTree = "<group>"; };
		FDB19BC426B3E272009C49ED /* MOMarsRoverTests.m */ = {isa = PBXFileReference; fileEncoding = 4; lastKnownFileType = sourcecode.c.objc; path = MOMarsRoverTests.m; sourceTree = "<group>"; };
		FDB19BCC26B3E460009C49ED /* MODemoOC-Bridging-Header.h */ = {isa = PBXFileReference; lastKnownFileType = sourcecode.c.h; path = "MODemoOC-Bridging-Header.h"; sourceTree = "<group>"; };
		FDB50B2726C51EC60044DFFF /* MOOCHamcreatTests.m */ = {isa = PBXFileReference; lastKnownFileType = sourcecode.c.objc; path = MOOCHamcreatTests.m; sourceTree = "<group>"; };
/* End PBXFileReference section */

/* Begin PBXFrameworksBuildPhase section */
		FDB19ABA26B3DD93009C49ED /* Frameworks */ = {
			isa = PBXFrameworksBuildPhase;
			buildActionMask = 2147483647;
			files = (
				21B2464FE01D04F18D0D7CE6 /* Pods_MODemoOC.framework in Frameworks */,
			);
			runOnlyForDeploymentPostprocessing = 0;
		};
		FDB19AD526B3DD94009C49ED /* Frameworks */ = {
			isa = PBXFrameworksBuildPhase;
			buildActionMask = 2147483647;
			files = (
				D940C56C514C42019EC04252 /* Pods_MODemoOCTests.framework in Frameworks */,
			);
			runOnlyForDeploymentPostprocessing = 0;
		};
		FDB19AE026B3DD94009C49ED /* Frameworks */ = {
			isa = PBXFrameworksBuildPhase;
			buildActionMask = 2147483647;
			files = (
				57523A46773BCDB72C09B486 /* Pods_MODemoOC_MODemoOCUITests.framework in Frameworks */,
			);
			runOnlyForDeploymentPostprocessing = 0;
		};
/* End PBXFrameworksBuildPhase section */

/* Begin PBXGroup section */
		275A63B9B3255E8DCA68405E /* Frameworks */ = {
			isa = PBXGroup;
			children = (
				2AEF1E8B6EC438A1150D4913 /* Pods_MODemoOC.framework */,
				C6521AB37E56E743F9BC025E /* Pods_MODemoOC_MODemoOCUITests.framework */,
				44BE74AA1D01FCF9B491BE2E /* Pods_MODemoOCTests.framework */,
			);
			name = Frameworks;
			sourceTree = "<group>";
		};
		CA710DCFA7835B9C459A27EC /* Pods */ = {
			isa = PBXGroup;
			children = (
				03315B7847B38AAC057026B3 /* Pods-MODemoOC.debug.xcconfig */,
				F198CC957718798C58E175CF /* Pods-MODemoOC.release.xcconfig */,
				A1E2BF376A5EF1B6A58748B9 /* Pods-MODemoOC-MODemoOCUITests.debug.xcconfig */,
				9AC37EDF9A21D7CF6349B069 /* Pods-MODemoOC-MODemoOCUITests.release.xcconfig */,
				98793B8FBEA1395C07D22E38 /* Pods-MODemoOCTests.debug.xcconfig */,
				09B3CFD86AF627732DEB6ABA /* Pods-MODemoOCTests.release.xcconfig */,
			);
			path = Pods;
			sourceTree = "<group>";
		};
		FDB19AB426B3DD93009C49ED = {
			isa = PBXGroup;
			children = (
				FDB19ABF26B3DD93009C49ED /* MODemoOC */,
				FDB19ADB26B3DD94009C49ED /* MODemoOCTests */,
				FDB19AE626B3DD94009C49ED /* MODemoOCUITests */,
				FDB19ABE26B3DD93009C49ED /* Products */,
				CA710DCFA7835B9C459A27EC /* Pods */,
				275A63B9B3255E8DCA68405E /* Frameworks */,
			);
			sourceTree = "<group>";
		};
		FDB19ABE26B3DD93009C49ED /* Products */ = {
			isa = PBXGroup;
			children = (
				FDB19ABD26B3DD93009C49ED /* MODemoOC.app */,
				FDB19AD826B3DD94009C49ED /* MODemoOCTests.xctest */,
				FDB19AE326B3DD94009C49ED /* MODemoOCUITests.xctest */,
			);
			name = Products;
			sourceTree = "<group>";
		};
		FDB19ABF26B3DD93009C49ED /* MODemoOC */ = {
			isa = PBXGroup;
			children = (
				FDB19AC026B3DD93009C49ED /* AppDelegate.h */,
				FDB19AC126B3DD93009C49ED /* AppDelegate.m */,
				FDB19AC326B3DD93009C49ED /* SceneDelegate.h */,
				FDB19AC426B3DD93009C49ED /* SceneDelegate.m */,
				FDB19AC626B3DD93009C49ED /* ViewController.h */,
				FDB19AC726B3DD93009C49ED /* ViewController.m */,
				FDB19B6126B3E233009C49ED /* MOArrayDataSource.h */,
				FDB19B1326B3E233009C49ED /* MOArrayDataSource.m */,
				FDB50B2926C64DFA0044DFFF /* Models */,
				FDB19B6226B3E233009C49ED /* MOBlock */,
				FDB19B0C26B3E233009C49ED /* MOBottomDrawer */,
				FDB19B1426B3E233009C49ED /* MOControlCenter */,
				FDB19B5B26B3E233009C49ED /* MOCricleLoading */,
				FDB19B0926B3E233009C49ED /* MOImageButton */,
				FDB19B3B26B3E233009C49ED /* MOKVC */,
				FDB19B5826B3E233009C49ED /* MOLocks */,
				FDB19B2926B3E233009C49ED /* MOMenuButton */,
				FDB19B4F26B3E233009C49ED /* MOMultiThread */,
				FDB19B1826B3E233009C49ED /* MONativeNetwork */,
				FDB19B4026B3E233009C49ED /* MOPrivateAPI */,
				FDB19B4326B3E233009C49ED /* MOResponder */,
				FDB19B6526B3E234009C49ED /* MORuntime */,
				FDB19B3326B3E233009C49ED /* MOTableViewOptimize */,
				FDB19AF526B3E232009C49ED /* MOTimer */,
				FDB19B3626B3E233009C49ED /* MOViewTest */,
				FDB19B4A26B3E233009C49ED /* MOWaterRipple */,
				FDB19AFE26B3E232009C49ED /* MOWebViewJSBridge */,
				FDB19B2126B3E233009C49ED /* UnitTests */,
				FDB19AC926B3DD93009C49ED /* Main.storyboard */,
				FDB19ACC26B3DD94009C49ED /* Assets.xcassets */,
				FDB19ACE26B3DD94009C49ED /* LaunchScreen.storyboard */,
				FDB19AD126B3DD94009C49ED /* Info.plist */,
				FDB19AD226B3DD94009C49ED /* main.m */,
				FDB19BCC26B3E460009C49ED /* MODemoOC-Bridging-Header.h */,
			);
			path = MODemoOC;
			sourceTree = "<group>";
		};
		FDB19ADB26B3DD94009C49ED /* MODemoOCTests */ = {
			isa = PBXGroup;
			children = (
				FDB19BC426B3E272009C49ED /* MOMarsRoverTests.m */,
				FDB19BC326B3E272009C49ED /* MOOCMockTests.m */,
				FDB19BC226B3E272009C49ED /* MOOCMockDemoTests.m */,
				FDB50B2726C51EC60044DFFF /* MOOCHamcreatTests.m */,
				FDB19ADC26B3DD94009C49ED /* MODemoOCTests.m */,
				FDB19ADE26B3DD94009C49ED /* Info.plist */,
			);
			path = MODemoOCTests;
			sourceTree = "<group>";
		};
		FDB19AE626B3DD94009C49ED /* MODemoOCUITests */ = {
			isa = PBXGroup;
			children = (
				FDB19AE726B3DD94009C49ED /* MODemoOCUITests.m */,
				FDB19AE926B3DD94009C49ED /* Info.plist */,
			);
			path = MODemoOCUITests;
			sourceTree = "<group>";
		};
		FDB19AF526B3E232009C49ED /* MOTimer */ = {
			isa = PBXGroup;
			children = (
				FDB19AF926B3E232009C49ED /* MOProxy.h */,
				FDB19AFD26B3E232009C49ED /* MOProxy.m */,
				FDB19AF826B3E232009C49ED /* MOTimerViewController.h */,
				FDB19AFC26B3E232009C49ED /* MOTimerViewController.m */,
				FDB19AF626B3E232009C49ED /* NSTimer+MOBlock.h */,
				FDB19AFB26B3E232009C49ED /* NSTimer+MOBlock.m */,
				FDB19AFA26B3E232009C49ED /* YYWeakProxy.h */,
				FDB19AF726B3E232009C49ED /* YYWeakProxy.m */,
			);
			path = MOTimer;
			sourceTree = "<group>";
		};
		FDB19AFE26B3E232009C49ED /* MOWebViewJSBridge */ = {
			isa = PBXGroup;
			children = (
				FDB19AFF26B3E232009C49ED /* KBWebviewJSBridge(deprectediOS12later) */,
				FDB19B0626B3E232009C49ED /* index.html */,
				FDB19B0726B3E232009C49ED /* MOWebViewJSBridgeViewController.m */,
				FDB19B0826B3E232009C49ED /* MOWebViewJSBridgeViewController.h */,
			);
			path = MOWebViewJSBridge;
			sourceTree = "<group>";
		};
		FDB19AFF26B3E232009C49ED /* KBWebviewJSBridge(deprectediOS12later) */ = {
			isa = PBXGroup;
			children = (
				FDB19B0026B3E232009C49ED /* GCWebviewJSBridge_JS.h */,
				FDB19B0126B3E232009C49ED /* GCWebviewJSBridge.m */,
				FDB19B0226B3E232009C49ED /* GCWebviewJSBridgeBase.h */,
				FDB19B0326B3E232009C49ED /* GCWebviewJSBridge_JS.m */,
				FDB19B0426B3E232009C49ED /* GCWebviewJSBridgeBase.m */,
				FDB19B0526B3E232009C49ED /* GCWebviewJSBridge.h */,
			);
			path = "KBWebviewJSBridge(deprectediOS12later)";
			sourceTree = "<group>";
		};
		FDB19B0926B3E233009C49ED /* MOImageButton */ = {
			isa = PBXGroup;
			children = (
				FDB19B0A26B3E233009C49ED /* MOImageButtonViewController.h */,
				FDB19B0B26B3E233009C49ED /* MOImageButtonViewController.m */,
			);
			path = MOImageButton;
			sourceTree = "<group>";
		};
		FDB19B0C26B3E233009C49ED /* MOBottomDrawer */ = {
			isa = PBXGroup;
			children = (
				FDB19B0F26B3E233009C49ED /* MOBottomDrawerView.h */,
				FDB19B1226B3E233009C49ED /* MOBottomDrawerView.m */,
				FDB19B1126B3E233009C49ED /* MODrawerViewController.h */,
				FDB19B0D26B3E233009C49ED /* MODrawerViewController.m */,
				FDB19B1026B3E233009C49ED /* MOLeftDrawerView.h */,
				FDB19B0E26B3E233009C49ED /* MOLeftDrawerView.m */,
			);
			path = MOBottomDrawer;
			sourceTree = "<group>";
		};
		FDB19B1426B3E233009C49ED /* MOControlCenter */ = {
			isa = PBXGroup;
			children = (
				FDB19B1726B3E233009C49ED /* MOControlCenterViewController.h */,
				FDB19B1526B3E233009C49ED /* MOControlCenterViewController.m */,
				FDB19B1626B3E233009C49ED /* news.mp3 */,
			);
			path = MOControlCenter;
			sourceTree = "<group>";
		};
		FDB19B1826B3E233009C49ED /* MONativeNetwork */ = {
			isa = PBXGroup;
			children = (
				FDB19B1F26B3E233009C49ED /* MMNetworkManager.h */,
				FDB19B1A26B3E233009C49ED /* MMNetworkManager.m */,
				FDB19B2026B3E233009C49ED /* MMNetworkModel.h */,
				FDB19B1C26B3E233009C49ED /* MMNetworkModel.m */,
				FDB19B1E26B3E233009C49ED /* MONativeNetworkViewController.h */,
				FDB19B1B26B3E233009C49ED /* MONativeNetworkViewController.m */,
				FDB19B1926B3E233009C49ED /* NSObject+Extension.h */,
				FDB19B1D26B3E233009C49ED /* NSObject+Extension.m */,
			);
			path = MONativeNetwork;
			sourceTree = "<group>";
		};
		FDB19B2126B3E233009C49ED /* UnitTests */ = {
			isa = PBXGroup;
			children = (
				FDB19B2226B3E233009C49ED /* MOMarsRover.h */,
				FDB19B2626B3E233009C49ED /* MOMarsRover.m */,
				FDB19B2726B3E233009C49ED /* MOPerson+Tests.h */,
				FDB19B2426B3E233009C49ED /* MOPerson+Tests.m */,
				FDB19B2826B3E233009C49ED /* MOOCMockDemo.h */,
				FDB19B2326B3E233009C49ED /* MOOCMockDemo.m */,
				FDB19B2526B3E233009C49ED /* TDD练习：火星车问题 */,
			);
			path = UnitTests;
			sourceTree = "<group>";
		};
		FDB19B2926B3E233009C49ED /* MOMenuButton */ = {
			isa = PBXGroup;
			children = (
				FDB19B2B26B3E233009C49ED /* KYFloatingActionButton */,
				FDB19B3226B3E233009C49ED /* MOMenuButtonViewController.h */,
				FDB19B2A26B3E233009C49ED /* MOMenuButtonViewController.m */,
			);
			path = MOMenuButton;
			sourceTree = "<group>";
		};
		FDB19B2B26B3E233009C49ED /* KYFloatingActionButton */ = {
			isa = PBXGroup;
			children = (
				FDB19B2C26B3E233009C49ED /* UIColorExtension.swift */,
				FDB19B2D26B3E233009C49ED /* OverLayView.swift */,
				FDB19B2E26B3E233009C49ED /* KYButtonCells.swift */,
				FDB19B2F26B3E233009C49ED /* ButtonLayer.swift */,
				FDB19B3026B3E233009C49ED /* KYButtonDelegate.swift */,
				FDB19B3126B3E233009C49ED /* KYButton.swift */,
			);
			path = KYFloatingActionButton;
			sourceTree = "<group>";
		};
		FDB19B3326B3E233009C49ED /* MOTableViewOptimize */ = {
			isa = PBXGroup;
			children = (
				FDB19B3526B3E233009C49ED /* MOTableViewOptimizeViewController.h */,
				FDB19B3426B3E233009C49ED /* MOTableViewOptimizeViewController.m */,
			);
			path = MOTableViewOptimize;
			sourceTree = "<group>";
		};
		FDB19B3626B3E233009C49ED /* MOViewTest */ = {
			isa = PBXGroup;
			children = (
				FDB19B3A26B3E233009C49ED /* MOViewTestViewController.h */,
				FDB19B3726B3E233009C49ED /* MOViewTestViewController.m */,
				FDB19B3826B3E233009C49ED /* MOTitleLineView.h */,
				FDB19B3926B3E233009C49ED /* MOTitleLineView.m */,
				FD335D03272E793F00521DBC /* MOFollowLightView.h */,
				FD335D04272E793F00521DBC /* MOFollowLightView.m */,
			);
			path = MOViewTest;
			sourceTree = "<group>";
		};
		FDB19B3B26B3E233009C49ED /* MOKVC */ = {
			isa = PBXGroup;
			children = (
				FDB19B3F26B3E233009C49ED /* MOKVCViewController.h */,
				FDB19B3D26B3E233009C49ED /* MOKVCViewController.m */,
			);
			path = MOKVC;
			sourceTree = "<group>";
		};
		FDB19B4026B3E233009C49ED /* MOPrivateAPI */ = {
			isa = PBXGroup;
			children = (
				FDB19B4226B3E233009C49ED /* MOPrivateAPIViewController.h */,
				FDB19B4126B3E233009C49ED /* MOPrivateAPIViewController.m */,
			);
			path = MOPrivateAPI;
			sourceTree = "<group>";
		};
		FDB19B4326B3E233009C49ED /* MOResponder */ = {
			isa = PBXGroup;
			children = (
				FDB19B4826B3E233009C49ED /* MOResponderTestView.h */,
				FDB19B4526B3E233009C49ED /* MOResponderTestView.m */,
				FDB19B4426B3E233009C49ED /* MOResponderViewController.h */,
				FDB19B4726B3E233009C49ED /* MOResponderViewController.m */,
				FDB19B4626B3E233009C49ED /* UIButton+Extension.h */,
				FDB19B4926B3E233009C49ED /* UIButton+Extension.m */,
			);
			path = MOResponder;
			sourceTree = "<group>";
		};
		FDB19B4A26B3E233009C49ED /* MOWaterRipple */ = {
			isa = PBXGroup;
			children = (
				FDB19B4D26B3E233009C49ED /* MOWaterRipperView.h */,
				FDB19B4B26B3E233009C49ED /* MOWaterRipperView.m */,
				FDB19B4E26B3E233009C49ED /* MOWaterRippleViewController.h */,
				FDB19B4C26B3E233009C49ED /* MOWaterRippleViewController.m */,
			);
			path = MOWaterRipple;
			sourceTree = "<group>";
		};
		FDB19B4F26B3E233009C49ED /* MOMultiThread */ = {
			isa = PBXGroup;
			children = (
				FDB19B5626B3E233009C49ED /* MOGCD.h */,
				FDB19B5326B3E233009C49ED /* MOGCD.m */,
				FDB19B5226B3E233009C49ED /* MOMultiThreadViewController.h */,
				FDB19B5726B3E233009C49ED /* MOMultiThreadViewController.m */,
				FDB19B5126B3E233009C49ED /* MONSThread.h */,
				FDB19B5526B3E233009C49ED /* MONSThread.m */,
				FDB19B5026B3E233009C49ED /* MOOperationQueue.h */,
				FDB19B5426B3E233009C49ED /* MOOperationQueue.m */,
			);
			path = MOMultiThread;
			sourceTree = "<group>";
		};
		FDB19B5826B3E233009C49ED /* MOLocks */ = {
			isa = PBXGroup;
			children = (
				FDB19B5A26B3E233009C49ED /* MOLocksViewController.h */,
				FDB19B5926B3E233009C49ED /* MOLocksViewController.m */,
			);
			path = MOLocks;
			sourceTree = "<group>";
		};
		FDB19B5B26B3E233009C49ED /* MOCricleLoading */ = {
			isa = PBXGroup;
			children = (
				FDB19B5D26B3E233009C49ED /* CircleLoadingView.swift */,
				FDB19B6026B3E233009C49ED /* MOCircleLoadingView.h */,
				FDB19B5E26B3E233009C49ED /* MOCircleLoadingView.m */,
				FDB19B5C26B3E233009C49ED /* MOCricleLoadingViewController.h */,
				FDB19B5F26B3E233009C49ED /* MOCricleLoadingViewController.m */,
			);
			path = MOCricleLoading;
			sourceTree = "<group>";
		};
		FDB19B6226B3E233009C49ED /* MOBlock */ = {
			isa = PBXGroup;
			children = (
				FDB19B6326B3E233009C49ED /* MOBlockViewController.h */,
				FDB19B6426B3E233009C49ED /* MOBlockViewController.m */,
			);
			path = MOBlock;
			sourceTree = "<group>";
		};
		FDB19B6526B3E234009C49ED /* MORuntime */ = {
			isa = PBXGroup;
			children = (
				FDB19B6626B3E234009C49ED /* MORuntimeViewController.h */,
				FDB19B7826B3E234009C49ED /* MORuntimeViewController.m */,
				FDB19B6E26B3E234009C49ED /* NSMutableArray+Swizzling.h */,
				FDB19B7D26B3E234009C49ED /* NSMutableArray+Swizzling.m */,
				FDB19B6C26B3E234009C49ED /* NSObject+arrayContain.h */,
				FDB19B7F26B3E234009C49ED /* NSObject+arrayContain.m */,
				FDB19B6B26B3E234009C49ED /* NSObject+property.h */,
				FDB19B7A26B3E234009C49ED /* NSObject+property.m */,
				FDB19B7026B3E234009C49ED /* NSObject+Swizzling.h */,
				FDB19B8026B3E234009C49ED /* NSObject+Swizzling.m */,
				FDB19B7226B3E234009C49ED /* ScrollViewPlaceholder */,
				FDB19B6A26B3E234009C49ED /* UIButton+Swizzling.h */,
				FDB19B7926B3E234009C49ED /* UIButton+Swizzling.m */,
				FDB19B7E26B3E234009C49ED /* UIImage+image.h */,
				FDB19B6D26B3E234009C49ED /* UIImage+image.m */,
				FDB19B7C26B3E234009C49ED /* UILabel+Swizzling.h */,
				FDB19B6F26B3E234009C49ED /* UILabel+Swizzling.m */,
				FDB19B6726B3E234009C49ED /* UINavigationItem+Swizzling.h */,
				FDB19B7726B3E234009C49ED /* UINavigationItem+Swizzling.m */,
				FDB19B7B26B3E234009C49ED /* UIViewController+Swizzling.h */,
				FDB19B6926B3E234009C49ED /* UIViewController+Swizzling.m */,
			);
			path = MORuntime;
			sourceTree = "<group>";
		};
		FDB19B7226B3E234009C49ED /* ScrollViewPlaceholder */ = {
			isa = PBXGroup;
			children = (
				FDB19B7326B3E234009C49ED /* UITableView+Placeholder.h */,
				FDB19B7426B3E234009C49ED /* MOPlaceholderView.h */,
				FDB19B7526B3E234009C49ED /* UITableView+Placeholder.m */,
				FDB19B7626B3E234009C49ED /* MOPlaceholderView.m */,
			);
			path = ScrollViewPlaceholder;
			sourceTree = "<group>";
		};
		FDB50B2926C64DFA0044DFFF /* Models */ = {
			isa = PBXGroup;
			children = (
				FDB19B3E26B3E233009C49ED /* MOPerson.h */,
				FDB19B3C26B3E233009C49ED /* MOPerson.m */,
				FDB19B6826B3E234009C49ED /* MOStudent.h */,
				FDB19B7126B3E234009C49ED /* MOStudent.m */,
			);
			path = Models;
			sourceTree = "<group>";
		};
/* End PBXGroup section */

/* Begin PBXNativeTarget section */
		FDB19ABC26B3DD93009C49ED /* MODemoOC */ = {
			isa = PBXNativeTarget;
			buildConfigurationList = FDB19AEC26B3DD94009C49ED /* Build configuration list for PBXNativeTarget "MODemoOC" */;
			buildPhases = (
				95F796A5EE1E15F684C7968B /* [CP] Check Pods Manifest.lock */,
				FDB19AB926B3DD93009C49ED /* Sources */,
				FDB19ABA26B3DD93009C49ED /* Frameworks */,
				FDB19ABB26B3DD93009C49ED /* Resources */,
				AB9D6A3616CC4970D4FE0605 /* [CP] Embed Pods Frameworks */,
			);
			buildRules = (
			);
			dependencies = (
			);
			name = MODemoOC;
			productName = MODemoOC;
			productReference = FDB19ABD26B3DD93009C49ED /* MODemoOC.app */;
			productType = "com.apple.product-type.application";
		};
		FDB19AD726B3DD94009C49ED /* MODemoOCTests */ = {
			isa = PBXNativeTarget;
			buildConfigurationList = FDB19AEF26B3DD94009C49ED /* Build configuration list for PBXNativeTarget "MODemoOCTests" */;
			buildPhases = (
				462377D652A32654EE1BB5AC /* [CP] Check Pods Manifest.lock */,
				FDB19AD426B3DD94009C49ED /* Sources */,
				FDB19AD526B3DD94009C49ED /* Frameworks */,
				FDB19AD626B3DD94009C49ED /* Resources */,
				6B20FAEB92038249D852FFE9 /* [CP] Embed Pods Frameworks */,
			);
			buildRules = (
			);
			dependencies = (
				FDB19ADA26B3DD94009C49ED /* PBXTargetDependency */,
			);
			name = MODemoOCTests;
			productName = MODemoOCTests;
			productReference = FDB19AD826B3DD94009C49ED /* MODemoOCTests.xctest */;
			productType = "com.apple.product-type.bundle.unit-test";
		};
		FDB19AE226B3DD94009C49ED /* MODemoOCUITests */ = {
			isa = PBXNativeTarget;
			buildConfigurationList = FDB19AF226B3DD94009C49ED /* Build configuration list for PBXNativeTarget "MODemoOCUITests" */;
			buildPhases = (
				585CFB2E5E31FAFD6BEDBC1F /* [CP] Check Pods Manifest.lock */,
				FDB19ADF26B3DD94009C49ED /* Sources */,
				FDB19AE026B3DD94009C49ED /* Frameworks */,
				FDB19AE126B3DD94009C49ED /* Resources */,
				5C890A46A362485F5B6D4209 /* [CP] Embed Pods Frameworks */,
			);
			buildRules = (
			);
			dependencies = (
				FDB19AE526B3DD94009C49ED /* PBXTargetDependency */,
			);
			name = MODemoOCUITests;
			productName = MODemoOCUITests;
			productReference = FDB19AE326B3DD94009C49ED /* MODemoOCUITests.xctest */;
			productType = "com.apple.product-type.bundle.ui-testing";
		};
/* End PBXNativeTarget section */

/* Begin PBXProject section */
		FDB19AB526B3DD93009C49ED /* Project object */ = {
			isa = PBXProject;
			attributes = {
				LastUpgradeCheck = 1250;
				TargetAttributes = {
					FDB19ABC26B3DD93009C49ED = {
						CreatedOnToolsVersion = 12.5;
					};
					FDB19AD726B3DD94009C49ED = {
						CreatedOnToolsVersion = 12.5;
						TestTargetID = FDB19ABC26B3DD93009C49ED;
					};
					FDB19AE226B3DD94009C49ED = {
						CreatedOnToolsVersion = 12.5;
						TestTargetID = FDB19ABC26B3DD93009C49ED;
					};
				};
			};
			buildConfigurationList = FDB19AB826B3DD93009C49ED /* Build configuration list for PBXProject "MODemoOC" */;
			compatibilityVersion = "Xcode 9.3";
			developmentRegion = en;
			hasScannedForEncodings = 0;
			knownRegions = (
				en,
				Base,
			);
			mainGroup = FDB19AB426B3DD93009C49ED;
			productRefGroup = FDB19ABE26B3DD93009C49ED /* Products */;
			projectDirPath = "";
			projectRoot = "";
			targets = (
				FDB19ABC26B3DD93009C49ED /* MODemoOC */,
				FDB19AD726B3DD94009C49ED /* MODemoOCTests */,
				FDB19AE226B3DD94009C49ED /* MODemoOCUITests */,
			);
		};
/* End PBXProject section */

/* Begin PBXResourcesBuildPhase section */
		FDB19ABB26B3DD93009C49ED /* Resources */ = {
			isa = PBXResourcesBuildPhase;
			buildActionMask = 2147483647;
			files = (
				FDB19AD026B3DD94009C49ED /* LaunchScreen.storyboard in Resources */,
				FDB19B9126B3E234009C49ED /* news.mp3 in Resources */,
				FDB19B8926B3E234009C49ED /* index.html in Resources */,
				FDB19ACD26B3DD94009C49ED /* Assets.xcassets in Resources */,
				FDB19B9826B3E234009C49ED /* TDD练习：火星车问题 in Resources */,
				FDB19ACB26B3DD93009C49ED /* Main.storyboard in Resources */,
			);
			runOnlyForDeploymentPostprocessing = 0;
		};
		FDB19AD626B3DD94009C49ED /* Resources */ = {
			isa = PBXResourcesBuildPhase;
			buildActionMask = 2147483647;
			files = (
			);
			runOnlyForDeploymentPostprocessing = 0;
		};
		FDB19AE126B3DD94009C49ED /* Resources */ = {
			isa = PBXResourcesBuildPhase;
			buildActionMask = 2147483647;
			files = (
			);
			runOnlyForDeploymentPostprocessing = 0;
		};
/* End PBXResourcesBuildPhase section */

/* Begin PBXShellScriptBuildPhase section */
		462377D652A32654EE1BB5AC /* [CP] Check Pods Manifest.lock */ = {
			isa = PBXShellScriptBuildPhase;
			buildActionMask = 2147483647;
			files = (
			);
			inputFileListPaths = (
			);
			inputPaths = (
				"${PODS_PODFILE_DIR_PATH}/Podfile.lock",
				"${PODS_ROOT}/Manifest.lock",
			);
			name = "[CP] Check Pods Manifest.lock";
			outputFileListPaths = (
			);
			outputPaths = (
				"$(DERIVED_FILE_DIR)/Pods-MODemoOCTests-checkManifestLockResult.txt",
			);
			runOnlyForDeploymentPostprocessing = 0;
			shellPath = /bin/sh;
			shellScript = "diff \"${PODS_PODFILE_DIR_PATH}/Podfile.lock\" \"${PODS_ROOT}/Manifest.lock\" > /dev/null\nif [ $? != 0 ] ; then\n    # print error to STDERR\n    echo \"error: The sandbox is not in sync with the Podfile.lock. Run 'pod install' or update your CocoaPods installation.\" >&2\n    exit 1\nfi\n# This output is used by Xcode 'outputs' to avoid re-running this script phase.\necho \"SUCCESS\" > \"${SCRIPT_OUTPUT_FILE_0}\"\n";
			showEnvVarsInLog = 0;
		};
		585CFB2E5E31FAFD6BEDBC1F /* [CP] Check Pods Manifest.lock */ = {
			isa = PBXShellScriptBuildPhase;
			buildActionMask = 2147483647;
			files = (
			);
			inputFileListPaths = (
			);
			inputPaths = (
				"${PODS_PODFILE_DIR_PATH}/Podfile.lock",
				"${PODS_ROOT}/Manifest.lock",
			);
			name = "[CP] Check Pods Manifest.lock";
			outputFileListPaths = (
			);
			outputPaths = (
				"$(DERIVED_FILE_DIR)/Pods-MODemoOC-MODemoOCUITests-checkManifestLockResult.txt",
			);
			runOnlyForDeploymentPostprocessing = 0;
			shellPath = /bin/sh;
			shellScript = "diff \"${PODS_PODFILE_DIR_PATH}/Podfile.lock\" \"${PODS_ROOT}/Manifest.lock\" > /dev/null\nif [ $? != 0 ] ; then\n    # print error to STDERR\n    echo \"error: The sandbox is not in sync with the Podfile.lock. Run 'pod install' or update your CocoaPods installation.\" >&2\n    exit 1\nfi\n# This output is used by Xcode 'outputs' to avoid re-running this script phase.\necho \"SUCCESS\" > \"${SCRIPT_OUTPUT_FILE_0}\"\n";
			showEnvVarsInLog = 0;
		};
		5C890A46A362485F5B6D4209 /* [CP] Embed Pods Frameworks */ = {
			isa = PBXShellScriptBuildPhase;
			buildActionMask = 2147483647;
			files = (
			);
			inputFileListPaths = (
				"${PODS_ROOT}/Target Support Files/Pods-MODemoOC-MODemoOCUITests/Pods-MODemoOC-MODemoOCUITests-frameworks-${CONFIGURATION}-input-files.xcfilelist",
			);
			name = "[CP] Embed Pods Frameworks";
			outputFileListPaths = (
				"${PODS_ROOT}/Target Support Files/Pods-MODemoOC-MODemoOCUITests/Pods-MODemoOC-MODemoOCUITests-frameworks-${CONFIGURATION}-output-files.xcfilelist",
			);
			runOnlyForDeploymentPostprocessing = 0;
			shellPath = /bin/sh;
			shellScript = "\"${PODS_ROOT}/Target Support Files/Pods-MODemoOC-MODemoOCUITests/Pods-MODemoOC-MODemoOCUITests-frameworks.sh\"\n";
			showEnvVarsInLog = 0;
		};
		6B20FAEB92038249D852FFE9 /* [CP] Embed Pods Frameworks */ = {
			isa = PBXShellScriptBuildPhase;
			buildActionMask = 2147483647;
			files = (
			);
			inputFileListPaths = (
				"${PODS_ROOT}/Target Support Files/Pods-MODemoOCTests/Pods-MODemoOCTests-frameworks-${CONFIGURATION}-input-files.xcfilelist",
			);
			name = "[CP] Embed Pods Frameworks";
			outputFileListPaths = (
				"${PODS_ROOT}/Target Support Files/Pods-MODemoOCTests/Pods-MODemoOCTests-frameworks-${CONFIGURATION}-output-files.xcfilelist",
			);
			runOnlyForDeploymentPostprocessing = 0;
			shellPath = /bin/sh;
			shellScript = "\"${PODS_ROOT}/Target Support Files/Pods-MODemoOCTests/Pods-MODemoOCTests-frameworks.sh\"\n";
			showEnvVarsInLog = 0;
		};
		95F796A5EE1E15F684C7968B /* [CP] Check Pods Manifest.lock */ = {
			isa = PBXShellScriptBuildPhase;
			buildActionMask = 2147483647;
			files = (
			);
			inputFileListPaths = (
			);
			inputPaths = (
				"${PODS_PODFILE_DIR_PATH}/Podfile.lock",
				"${PODS_ROOT}/Manifest.lock",
			);
			name = "[CP] Check Pods Manifest.lock";
			outputFileListPaths = (
			);
			outputPaths = (
				"$(DERIVED_FILE_DIR)/Pods-MODemoOC-checkManifestLockResult.txt",
			);
			runOnlyForDeploymentPostprocessing = 0;
			shellPath = /bin/sh;
			shellScript = "diff \"${PODS_PODFILE_DIR_PATH}/Podfile.lock\" \"${PODS_ROOT}/Manifest.lock\" > /dev/null\nif [ $? != 0 ] ; then\n    # print error to STDERR\n    echo \"error: The sandbox is not in sync with the Podfile.lock. Run 'pod install' or update your CocoaPods installation.\" >&2\n    exit 1\nfi\n# This output is used by Xcode 'outputs' to avoid re-running this script phase.\necho \"SUCCESS\" > \"${SCRIPT_OUTPUT_FILE_0}\"\n";
			showEnvVarsInLog = 0;
		};
		AB9D6A3616CC4970D4FE0605 /* [CP] Embed Pods Frameworks */ = {
			isa = PBXShellScriptBuildPhase;
			buildActionMask = 2147483647;
			files = (
			);
			inputFileListPaths = (
				"${PODS_ROOT}/Target Support Files/Pods-MODemoOC/Pods-MODemoOC-frameworks-${CONFIGURATION}-input-files.xcfilelist",
			);
			name = "[CP] Embed Pods Frameworks";
			outputFileListPaths = (
				"${PODS_ROOT}/Target Support Files/Pods-MODemoOC/Pods-MODemoOC-frameworks-${CONFIGURATION}-output-files.xcfilelist",
			);
			runOnlyForDeploymentPostprocessing = 0;
			shellPath = /bin/sh;
			shellScript = "\"${PODS_ROOT}/Target Support Files/Pods-MODemoOC/Pods-MODemoOC-frameworks.sh\"\n";
			showEnvVarsInLog = 0;
		};
/* End PBXShellScriptBuildPhase section */

/* Begin PBXSourcesBuildPhase section */
		FDB19AB926B3DD93009C49ED /* Sources */ = {
			isa = PBXSourcesBuildPhase;
			buildActionMask = 2147483647;
			files = (
				FDB19BC026B3E234009C49ED /* NSObject+arrayContain.m in Sources */,
				FDB19B8E26B3E234009C49ED /* MOBottomDrawerView.m in Sources */,
				FDB19BA626B3E234009C49ED /* MOPrivateAPIViewController.m in Sources */,
				FDB19BAF26B3E234009C49ED /* MOMultiThreadViewController.m in Sources */,
				FDB19BBD26B3E234009C49ED /* UIButton+Swizzling.m in Sources */,
				FDB19BBB26B3E234009C49ED /* UINavigationItem+Swizzling.m in Sources */,
				FDB19B8426B3E234009C49ED /* MOTimerViewController.m in Sources */,
				FDB19B9F26B3E234009C49ED /* KYButtonDelegate.swift in Sources */,
				FDB19AC826B3DD93009C49ED /* ViewController.m in Sources */,
				FDB19BA126B3E234009C49ED /* MOTableViewOptimizeViewController.m in Sources */,
				FDB19B9426B3E234009C49ED /* MMNetworkModel.m in Sources */,
				FDB19B9726B3E234009C49ED /* MOPerson+Tests.m in Sources */,
				FDB19BB826B3E234009C49ED /* MOStudent.m in Sources */,
				FDB19BBA26B3E234009C49ED /* MOPlaceholderView.m in Sources */,
				FDB19BB026B3E234009C49ED /* MOLocksViewController.m in Sources */,
				FDB19BB526B3E234009C49ED /* UIViewController+Swizzling.m in Sources */,
				FDB19BB726B3E234009C49ED /* UILabel+Swizzling.m in Sources */,
				FDB19B9026B3E234009C49ED /* MOControlCenterViewController.m in Sources */,
				FD335D05272E793F00521DBC /* MOFollowLightView.m in Sources */,
				FDB19B8526B3E234009C49ED /* MOProxy.m in Sources */,
				FDB19AC226B3DD93009C49ED /* AppDelegate.m in Sources */,
				FDB19BAB26B3E234009C49ED /* MOWaterRippleViewController.m in Sources */,
				FDB19BA826B3E234009C49ED /* MOResponderViewController.m in Sources */,
				FDB19BA026B3E234009C49ED /* KYButton.swift in Sources */,
				FDB19BB426B3E234009C49ED /* MOBlockViewController.m in Sources */,
				FDB19B9626B3E234009C49ED /* MOOCMockDemo.m in Sources */,
				FDB19BB226B3E234009C49ED /* MOCircleLoadingView.m in Sources */,
				FDB19B9526B3E234009C49ED /* NSObject+Extension.m in Sources */,
				FDB19BAD26B3E234009C49ED /* MOOperationQueue.m in Sources */,
				FDB19BAC26B3E234009C49ED /* MOGCD.m in Sources */,
				FDB19B8D26B3E234009C49ED /* MOLeftDrawerView.m in Sources */,
				FDB19AD326B3DD94009C49ED /* main.m in Sources */,
				FDB19B8626B3E234009C49ED /* GCWebviewJSBridge.m in Sources */,
				FDB19B8A26B3E234009C49ED /* MOWebViewJSBridgeViewController.m in Sources */,
				FDB19B9B26B3E234009C49ED /* UIColorExtension.swift in Sources */,
				FDB19B9E26B3E234009C49ED /* ButtonLayer.swift in Sources */,
				FDB19BA726B3E234009C49ED /* MOResponderTestView.m in Sources */,
				FDB19B8C26B3E234009C49ED /* MODrawerViewController.m in Sources */,
				FDB19BA426B3E234009C49ED /* MOPerson.m in Sources */,
				FDB19BC126B3E234009C49ED /* NSObject+Swizzling.m in Sources */,
				FDB19B9D26B3E234009C49ED /* KYButtonCells.swift in Sources */,
				FDB19B8726B3E234009C49ED /* GCWebviewJSBridge_JS.m in Sources */,
				FDB19B9C26B3E234009C49ED /* OverLayView.swift in Sources */,
				FDB19BA326B3E234009C49ED /* MOTitleLineView.m in Sources */,
				FDB19BAA26B3E234009C49ED /* MOWaterRipperView.m in Sources */,
				FDB19AC526B3DD93009C49ED /* SceneDelegate.m in Sources */,
				FDB19B9A26B3E234009C49ED /* MOMenuButtonViewController.m in Sources */,
				FDB19B8B26B3E234009C49ED /* MOImageButtonViewController.m in Sources */,
				FDB19B9926B3E234009C49ED /* MOMarsRover.m in Sources */,
				FDB19B8F26B3E234009C49ED /* MOArrayDataSource.m in Sources */,
				FDB19BA926B3E234009C49ED /* UIButton+Extension.m in Sources */,
				FDB19B9226B3E234009C49ED /* MMNetworkManager.m in Sources */,
				FDB19B8326B3E234009C49ED /* NSTimer+MOBlock.m in Sources */,
				FDB19BAE26B3E234009C49ED /* MONSThread.m in Sources */,
				FDB19BA526B3E234009C49ED /* MOKVCViewController.m in Sources */,
				FDB19BB126B3E234009C49ED /* CircleLoadingView.swift in Sources */,
				FDB19B8226B3E234009C49ED /* YYWeakProxy.m in Sources */,
				FDB19B9326B3E234009C49ED /* MONativeNetworkViewController.m in Sources */,
				FDB19B8826B3E234009C49ED /* GCWebviewJSBridgeBase.m in Sources */,
				FDB19BBF26B3E234009C49ED /* NSMutableArray+Swizzling.m in Sources */,
				FDB19BBC26B3E234009C49ED /* MORuntimeViewController.m in Sources */,
				FDB19BB326B3E234009C49ED /* MOCricleLoadingViewController.m in Sources */,
				FDB19BBE26B3E234009C49ED /* NSObject+property.m in Sources */,
				FDB19BA226B3E234009C49ED /* MOViewTestViewController.m in Sources */,
				FDB19BB626B3E234009C49ED /* UIImage+image.m in Sources */,
				FDB19BB926B3E234009C49ED /* UITableView+Placeholder.m in Sources */,
			);
			runOnlyForDeploymentPostprocessing = 0;
		};
		FDB19AD426B3DD94009C49ED /* Sources */ = {
			isa = PBXSourcesBuildPhase;
			buildActionMask = 2147483647;
			files = (
				FDB19BC526B3E272009C49ED /* MOOCMockDemoTests.m in Sources */,
				FDB50B2826C51EC70044DFFF /* MOOCHamcreatTests.m in Sources */,
				FDB19BC726B3E272009C49ED /* MOMarsRoverTests.m in Sources */,
				FDB19BC626B3E272009C49ED /* MOOCMockTests.m in Sources */,
				FDB19ADD26B3DD94009C49ED /* MODemoOCTests.m in Sources */,
			);
			runOnlyForDeploymentPostprocessing = 0;
		};
		FDB19ADF26B3DD94009C49ED /* Sources */ = {
			isa = PBXSourcesBuildPhase;
			buildActionMask = 2147483647;
			files = (
				FDB19AE826B3DD94009C49ED /* MODemoOCUITests.m in Sources */,
			);
			runOnlyForDeploymentPostprocessing = 0;
		};
/* End PBXSourcesBuildPhase section */

/* Begin PBXTargetDependency section */
		FDB19ADA26B3DD94009C49ED /* PBXTargetDependency */ = {
			isa = PBXTargetDependency;
			target = FDB19ABC26B3DD93009C49ED /* MODemoOC */;
			targetProxy = FDB19AD926B3DD94009C49ED /* PBXContainerItemProxy */;
		};
		FDB19AE526B3DD94009C49ED /* PBXTargetDependency */ = {
			isa = PBXTargetDependency;
			target = FDB19ABC26B3DD93009C49ED /* MODemoOC */;
			targetProxy = FDB19AE426B3DD94009C49ED /* PBXContainerItemProxy */;
		};
/* End PBXTargetDependency section */

/* Begin PBXVariantGroup section */
		FDB19AC926B3DD93009C49ED /* Main.storyboard */ = {
			isa = PBXVariantGroup;
			children = (
				FDB19ACA26B3DD93009C49ED /* Base */,
			);
			name = Main.storyboard;
			sourceTree = "<group>";
		};
		FDB19ACE26B3DD94009C49ED /* LaunchScreen.storyboard */ = {
			isa = PBXVariantGroup;
			children = (
				FDB19ACF26B3DD94009C49ED /* Base */,
			);
			name = LaunchScreen.storyboard;
			sourceTree = "<group>";
		};
/* End PBXVariantGroup section */

/* Begin XCBuildConfiguration section */
		FDB19AEA26B3DD94009C49ED /* Debug */ = {
			isa = XCBuildConfiguration;
			buildSettings = {
				ALWAYS_SEARCH_USER_PATHS = NO;
				CLANG_ANALYZER_NONNULL = YES;
				CLANG_ANALYZER_NUMBER_OBJECT_CONVERSION = YES_AGGRESSIVE;
				CLANG_CXX_LANGUAGE_STANDARD = "gnu++14";
				CLANG_CXX_LIBRARY = "libc++";
				CLANG_ENABLE_MODULES = YES;
				CLANG_ENABLE_OBJC_ARC = YES;
				CLANG_ENABLE_OBJC_WEAK = YES;
				CLANG_WARN_BLOCK_CAPTURE_AUTORELEASING = YES;
				CLANG_WARN_BOOL_CONVERSION = YES;
				CLANG_WARN_COMMA = YES;
				CLANG_WARN_CONSTANT_CONVERSION = YES;
				CLANG_WARN_DEPRECATED_OBJC_IMPLEMENTATIONS = YES;
				CLANG_WARN_DIRECT_OBJC_ISA_USAGE = YES_ERROR;
				CLANG_WARN_DOCUMENTATION_COMMENTS = YES;
				CLANG_WARN_EMPTY_BODY = YES;
				CLANG_WARN_ENUM_CONVERSION = YES;
				CLANG_WARN_INFINITE_RECURSION = YES;
				CLANG_WARN_INT_CONVERSION = YES;
				CLANG_WARN_NON_LITERAL_NULL_CONVERSION = YES;
				CLANG_WARN_OBJC_IMPLICIT_RETAIN_SELF = YES;
				CLANG_WARN_OBJC_LITERAL_CONVERSION = YES;
				CLANG_WARN_OBJC_ROOT_CLASS = YES_ERROR;
				CLANG_WARN_QUOTED_INCLUDE_IN_FRAMEWORK_HEADER = YES;
				CLANG_WARN_RANGE_LOOP_ANALYSIS = YES;
				CLANG_WARN_STRICT_PROTOTYPES = YES;
				CLANG_WARN_SUSPICIOUS_MOVE = YES;
				CLANG_WARN_UNGUARDED_AVAILABILITY = YES_AGGRESSIVE;
				CLANG_WARN_UNREACHABLE_CODE = YES;
				CLANG_WARN__DUPLICATE_METHOD_MATCH = YES;
				COPY_PHASE_STRIP = NO;
				DEBUG_INFORMATION_FORMAT = dwarf;
				ENABLE_STRICT_OBJC_MSGSEND = YES;
				ENABLE_TESTABILITY = YES;
				GCC_C_LANGUAGE_STANDARD = gnu11;
				GCC_DYNAMIC_NO_PIC = NO;
				GCC_NO_COMMON_BLOCKS = YES;
				GCC_OPTIMIZATION_LEVEL = 0;
				GCC_PREPROCESSOR_DEFINITIONS = (
					"DEBUG=1",
					"$(inherited)",
				);
				GCC_WARN_64_TO_32_BIT_CONVERSION = YES;
				GCC_WARN_ABOUT_RETURN_TYPE = YES_ERROR;
				GCC_WARN_UNDECLARED_SELECTOR = YES;
				GCC_WARN_UNINITIALIZED_AUTOS = YES_AGGRESSIVE;
				GCC_WARN_UNUSED_FUNCTION = YES;
				GCC_WARN_UNUSED_VARIABLE = YES;
				IPHONEOS_DEPLOYMENT_TARGET = 14.5;
				MTL_ENABLE_DEBUG_INFO = INCLUDE_SOURCE;
				MTL_FAST_MATH = YES;
				ONLY_ACTIVE_ARCH = YES;
				SDKROOT = iphoneos;
			};
			name = Debug;
		};
		FDB19AEB26B3DD94009C49ED /* Release */ = {
			isa = XCBuildConfiguration;
			buildSettings = {
				ALWAYS_SEARCH_USER_PATHS = NO;
				CLANG_ANALYZER_NONNULL = YES;
				CLANG_ANALYZER_NUMBER_OBJECT_CONVERSION = YES_AGGRESSIVE;
				CLANG_CXX_LANGUAGE_STANDARD = "gnu++14";
				CLANG_CXX_LIBRARY = "libc++";
				CLANG_ENABLE_MODULES = YES;
				CLANG_ENABLE_OBJC_ARC = YES;
				CLANG_ENABLE_OBJC_WEAK = YES;
				CLANG_WARN_BLOCK_CAPTURE_AUTORELEASING = YES;
				CLANG_WARN_BOOL_CONVERSION = YES;
				CLANG_WARN_COMMA = YES;
				CLANG_WARN_CONSTANT_CONVERSION = YES;
				CLANG_WARN_DEPRECATED_OBJC_IMPLEMENTATIONS = YES;
				CLANG_WARN_DIRECT_OBJC_ISA_USAGE = YES_ERROR;
				CLANG_WARN_DOCUMENTATION_COMMENTS = YES;
				CLANG_WARN_EMPTY_BODY = YES;
				CLANG_WARN_ENUM_CONVERSION = YES;
				CLANG_WARN_INFINITE_RECURSION = YES;
				CLANG_WARN_INT_CONVERSION = YES;
				CLANG_WARN_NON_LITERAL_NULL_CONVERSION = YES;
				CLANG_WARN_OBJC_IMPLICIT_RETAIN_SELF = YES;
				CLANG_WARN_OBJC_LITERAL_CONVERSION = YES;
				CLANG_WARN_OBJC_ROOT_CLASS = YES_ERROR;
				CLANG_WARN_QUOTED_INCLUDE_IN_FRAMEWORK_HEADER = YES;
				CLANG_WARN_RANGE_LOOP_ANALYSIS = YES;
				CLANG_WARN_STRICT_PROTOTYPES = YES;
				CLANG_WARN_SUSPICIOUS_MOVE = YES;
				CLANG_WARN_UNGUARDED_AVAILABILITY = YES_AGGRESSIVE;
				CLANG_WARN_UNREACHABLE_CODE = YES;
				CLANG_WARN__DUPLICATE_METHOD_MATCH = YES;
				COPY_PHASE_STRIP = NO;
				DEBUG_INFORMATION_FORMAT = "dwarf-with-dsym";
				ENABLE_NS_ASSERTIONS = NO;
				ENABLE_STRICT_OBJC_MSGSEND = YES;
				GCC_C_LANGUAGE_STANDARD = gnu11;
				GCC_NO_COMMON_BLOCKS = YES;
				GCC_WARN_64_TO_32_BIT_CONVERSION = YES;
				GCC_WARN_ABOUT_RETURN_TYPE = YES_ERROR;
				GCC_WARN_UNDECLARED_SELECTOR = YES;
				GCC_WARN_UNINITIALIZED_AUTOS = YES_AGGRESSIVE;
				GCC_WARN_UNUSED_FUNCTION = YES;
				GCC_WARN_UNUSED_VARIABLE = YES;
				IPHONEOS_DEPLOYMENT_TARGET = 14.5;
				MTL_ENABLE_DEBUG_INFO = NO;
				MTL_FAST_MATH = YES;
				SDKROOT = iphoneos;
				VALIDATE_PRODUCT = YES;
			};
			name = Release;
		};
		FDB19AED26B3DD94009C49ED /* Debug */ = {
			isa = XCBuildConfiguration;
			baseConfigurationReference = 03315B7847B38AAC057026B3 /* Pods-MODemoOC.debug.xcconfig */;
			buildSettings = {
				ASSETCATALOG_COMPILER_APPICON_NAME = AppIcon;
				ASSETCATALOG_COMPILER_GLOBAL_ACCENT_COLOR_NAME = AccentColor;
				CODE_SIGN_STYLE = Automatic;
				DEVELOPMENT_TEAM = U955R2H5Y2;
				INFOPLIST_FILE = MODemoOC/Info.plist;
				LD_RUNPATH_SEARCH_PATHS = (
					"$(inherited)",
					"@executable_path/Frameworks",
				);
				PRODUCT_BUNDLE_IDENTIFIER = MikiMo.MODemoOC;
				PRODUCT_NAME = "$(TARGET_NAME)";
				SWIFT_OBJC_BRIDGING_HEADER = "MODemoOC/MODemoOC-Bridging-Header.h";
				SWIFT_VERSION = 5.0;
				TARGETED_DEVICE_FAMILY = "1,2";
			};
			name = Debug;
		};
		FDB19AEE26B3DD94009C49ED /* Release */ = {
			isa = XCBuildConfiguration;
			baseConfigurationReference = F198CC957718798C58E175CF /* Pods-MODemoOC.release.xcconfig */;
			buildSettings = {
				ASSETCATALOG_COMPILER_APPICON_NAME = AppIcon;
				ASSETCATALOG_COMPILER_GLOBAL_ACCENT_COLOR_NAME = AccentColor;
				CODE_SIGN_STYLE = Automatic;
				DEVELOPMENT_TEAM = U955R2H5Y2;
				INFOPLIST_FILE = MODemoOC/Info.plist;
				LD_RUNPATH_SEARCH_PATHS = (
					"$(inherited)",
					"@executable_path/Frameworks",
				);
				PRODUCT_BUNDLE_IDENTIFIER = MikiMo.MODemoOC;
				PRODUCT_NAME = "$(TARGET_NAME)";
				SWIFT_OBJC_BRIDGING_HEADER = "MODemoOC/MODemoOC-Bridging-Header.h";
				SWIFT_VERSION = 5.0;
				TARGETED_DEVICE_FAMILY = "1,2";
			};
			name = Release;
		};
		FDB19AF026B3DD94009C49ED /* Debug */ = {
			isa = XCBuildConfiguration;
			baseConfigurationReference = 98793B8FBEA1395C07D22E38 /* Pods-MODemoOCTests.debug.xcconfig */;
			buildSettings = {
				ALWAYS_EMBED_SWIFT_STANDARD_LIBRARIES = YES;
				BUNDLE_LOADER = "$(TEST_HOST)";
				CODE_SIGN_STYLE = Automatic;
				DEVELOPMENT_TEAM = U955R2H5Y2;
				INFOPLIST_FILE = MODemoOCTests/Info.plist;
				IPHONEOS_DEPLOYMENT_TARGET = 14.5;
				LD_RUNPATH_SEARCH_PATHS = (
					"$(inherited)",
					"@executable_path/Frameworks",
					"@loader_path/Frameworks",
				);
				PRODUCT_BUNDLE_IDENTIFIER = MikiMo.MODemoOCTests;
				PRODUCT_NAME = "$(TARGET_NAME)";
				TARGETED_DEVICE_FAMILY = "1,2";
				TEST_HOST = "$(BUILT_PRODUCTS_DIR)/MODemoOC.app/MODemoOC";
			};
			name = Debug;
		};
		FDB19AF126B3DD94009C49ED /* Release */ = {
			isa = XCBuildConfiguration;
			baseConfigurationReference = 09B3CFD86AF627732DEB6ABA /* Pods-MODemoOCTests.release.xcconfig */;
			buildSettings = {
				ALWAYS_EMBED_SWIFT_STANDARD_LIBRARIES = YES;
				BUNDLE_LOADER = "$(TEST_HOST)";
				CODE_SIGN_STYLE = Automatic;
				DEVELOPMENT_TEAM = U955R2H5Y2;
				INFOPLIST_FILE = MODemoOCTests/Info.plist;
				IPHONEOS_DEPLOYMENT_TARGET = 14.5;
				LD_RUNPATH_SEARCH_PATHS = (
					"$(inherited)",
					"@executable_path/Frameworks",
					"@loader_path/Frameworks",
				);
				PRODUCT_BUNDLE_IDENTIFIER = MikiMo.MODemoOCTests;
				PRODUCT_NAME = "$(TARGET_NAME)";
				TARGETED_DEVICE_FAMILY = "1,2";
				TEST_HOST = "$(BUILT_PRODUCTS_DIR)/MODemoOC.app/MODemoOC";
			};
			name = Release;
		};
		FDB19AF326B3DD94009C49ED /* Debug */ = {
			isa = XCBuildConfiguration;
			baseConfigurationReference = A1E2BF376A5EF1B6A58748B9 /* Pods-MODemoOC-MODemoOCUITests.debug.xcconfig */;
			buildSettings = {
				ALWAYS_EMBED_SWIFT_STANDARD_LIBRARIES = YES;
				CODE_SIGN_STYLE = Automatic;
				DEVELOPMENT_TEAM = U955R2H5Y2;
				INFOPLIST_FILE = MODemoOCUITests/Info.plist;
				LD_RUNPATH_SEARCH_PATHS = (
					"$(inherited)",
					"@executable_path/Frameworks",
					"@loader_path/Frameworks",
				);
				PRODUCT_BUNDLE_IDENTIFIER = MikiMo.MODemoOCUITests;
				PRODUCT_NAME = "$(TARGET_NAME)";
				TARGETED_DEVICE_FAMILY = "1,2";
				TEST_TARGET_NAME = MODemoOC;
			};
			name = Debug;
		};
		FDB19AF426B3DD94009C49ED /* Release */ = {
			isa = XCBuildConfiguration;
			baseConfigurationReference = 9AC37EDF9A21D7CF6349B069 /* Pods-MODemoOC-MODemoOCUITests.release.xcconfig */;
			buildSettings = {
				ALWAYS_EMBED_SWIFT_STANDARD_LIBRARIES = YES;
				CODE_SIGN_STYLE = Automatic;
				DEVELOPMENT_TEAM = U955R2H5Y2;
				INFOPLIST_FILE = MODemoOCUITests/Info.plist;
				LD_RUNPATH_SEARCH_PATHS = (
					"$(inherited)",
					"@executable_path/Frameworks",
					"@loader_path/Frameworks",
				);
				PRODUCT_BUNDLE_IDENTIFIER = MikiMo.MODemoOCUITests;
				PRODUCT_NAME = "$(TARGET_NAME)";
				TARGETED_DEVICE_FAMILY = "1,2";
				TEST_TARGET_NAME = MODemoOC;
			};
			name = Release;
		};
/* End XCBuildConfiguration section */

/* Begin XCConfigurationList section */
		FDB19AB826B3DD93009C49ED /* Build configuration list for PBXProject "MODemoOC" */ = {
			isa = XCConfigurationList;
			buildConfigurations = (
				FDB19AEA26B3DD94009C49ED /* Debug */,
				FDB19AEB26B3DD94009C49ED /* Release */,
			);
			defaultConfigurationIsVisible = 0;
			defaultConfigurationName = Release;
		};
		FDB19AEC26B3DD94009C49ED /* Build configuration list for PBXNativeTarget "MODemoOC" */ = {
			isa = XCConfigurationList;
			buildConfigurations = (
				FDB19AED26B3DD94009C49ED /* Debug */,
				FDB19AEE26B3DD94009C49ED /* Release */,
			);
			defaultConfigurationIsVisible = 0;
			defaultConfigurationName = Release;
		};
		FDB19AEF26B3DD94009C49ED /* Build configuration list for PBXNativeTarget "MODemoOCTests" */ = {
			isa = XCConfigurationList;
			buildConfigurations = (
				FDB19AF026B3DD94009C49ED /* Debug */,
				FDB19AF126B3DD94009C49ED /* Release */,
			);
			defaultConfigurationIsVisible = 0;
			defaultConfigurationName = Release;
		};
		FDB19AF226B3DD94009C49ED /* Build configuration list for PBXNativeTarget "MODemoOCUITests" */ = {
			isa = XCConfigurationList;
			buildConfigurations = (
				FDB19AF326B3DD94009C49ED /* Debug */,
				FDB19AF426B3DD94009C49ED /* Release */,
			);
			defaultConfigurationIsVisible = 0;
			defaultConfigurationName = Release;
		};
/* End XCConfigurationList section */
	};
	rootObject = FDB19AB526B3DD93009C49ED /* Project object */;
}
